
Microsoft Visual Studio Solution File, Format Version 12.00
# Visual Studio 15
VisualStudioVersion = 15.0.28307.136
MinimumVisualStudioVersion = 10.0.40219.1
Project("{8BC9CEB8-8B4A-11D0-8D11-00A0C91BC942}") = "CTCI-URLify", "CTCI\CTCI.vcxproj", "{98F6AE06-46D8-46D2-8E59-4A4A131C604B}"
EndProject
Project("{8BC9CEB8-8B4A-11D0-8D11-00A0C91BC942}") = "CTCI-PalindromePermutation", "CTCI-PalindromePermutation\CTCI-PalindromePermutation.vcxproj", "{AE3D931C-642D-4D48-8197-6839BEB8B924}"
EndProject
Project("{8BC9CEB8-8B4A-11D0-8D11-00A0C91BC942}") = "CTCI-OneAway", "CTCI-OneAway\CTCI-OneAway.vcxproj", "{D576F7BE-FC9A-4EC3-97CD-7B1A9D683CEF}"
EndProject
Project("{8BC9CEB8-8B4A-11D0-8D11-00A0C91BC942}") = "CTCI-StringCompression", "CTCI-StringCompression\CTCI-StringCompression.vcxproj", "{3DDFF214-C88D-45AE-AED7-DB37E38A0EA9}"
EndProject
Project("{8BC9CEB8-8B4A-11D0-8D11-00A0C91BC942}") = "CTCI-RotateMatrix", "CTCI-RotateMatrix\CTCI-RotateMatrix.vcxproj", "{5A8A3C26-6820-4F1C-864F-1E8E01981BC8}"
EndProject
Project("{8BC9CEB8-8B4A-11D0-8D11-00A0C91BC942}") = "CTCI-ZeroMatrix", "CTCI-ZeroMatrix\CTCI-ZeroMatrix.vcxproj", "{3EC67462-17E7-49F5-8599-AD0C1100090C}"
EndProject
Project("{8BC9CEB8-8B4A-11D0-8D11-00A0C91BC942}") = "CTCI-StringRotation", "CTCI-StringRotation\CTCI-StringRotation.vcxproj", "{D25B4742-26D8-485A-AD70-100F8CD693DB}"
EndProject
Project("{8BC9CEB8-8B4A-11D0-8D11-00A0C91BC942}") = "CTCI-RemoveDups", "CTCI-RemoveDups\CTCI-RemoveDups.vcxproj", "{206F2070-2732-488C-AD78-A60A28141D53}"
EndProject
Project("{8BC9CEB8-8B4A-11D0-8D11-00A0C91BC942}") = "CTCI-KthToLastElement", "CTCI-KthToLastElement\CTCI-KthToLastElement.vcxproj", "{CAD8B3D2-A69E-4EAD-80F6-2E75A0320851}"
EndProject
Project("{8BC9CEB8-8B4A-11D0-8D11-00A0C91BC942}") = "CTCI-SumLists", "CTCI-SumLists\CTCI-SumLists.vcxproj", "{D42C1003-30C8-44FF-A5F4-CEBF26C8A62B}"
EndProject
Project("{8BC9CEB8-8B4A-11D0-8D11-00A0C91BC942}") = "CTCI-PushPopMin", "CTCI-PushPopMin\CTCI-PushPopMin.vcxproj", "{13968ED8-AFB3-469B-97BA-9A5CC8F154C5}"
EndProject
Project("{8BC9CEB8-8B4A-11D0-8D11-00A0C91BC942}") = "CTCI-SortStack", "CTCI-SortStack\CTCI-SortStack.vcxproj", "{70897064-5131-4748-8306-BA3E73DA53D7}"
EndProject
Project("{8BC9CEB8-8B4A-11D0-8D11-00A0C91BC942}") = "CTCI-AnimalShelter", "CTCI-AnimalShelter\CTCI-AnimalShelter.vcxproj", "{D0E52D67-8483-4969-AB93-E1A33C395E8E}"
EndProject
Project("{8BC9CEB8-8B4A-11D0-8D11-00A0C91BC942}") = "CTCI-MinBST", "CTCI-MinBST\CTCI-MinBST.vcxproj", "{067A83A0-83C2-4364-BACE-B06A17037623}"
EndProject
Project("{8BC9CEB8-8B4A-11D0-8D11-00A0C91BC942}") = "AmazonInternQuestion2-TreeAvg", "AmazonInternQuestion2-TreeAvg\AmazonInternQuestion2-TreeAvg.vcxproj", "{FB2FF3CC-C041-44FB-8638-86B1F8EB1167}"
EndProject
Project("{8BC9CEB8-8B4A-11D0-8D11-00A0C91BC942}") = "Leet-PlusOne-Easy", "Leet-PlusOne-Easy\Leet-PlusOne-Easy.vcxproj", "{9E91796E-1F98-4F1D-B8A3-A2B8A621D492}"
EndProject
Project("{8BC9CEB8-8B4A-11D0-8D11-00A0C91BC942}") = "Leet-TwoSum-Easy", "Leet-TwoSum-Easy\Leet-TwoSum-Easy.vcxproj", "{0A83B534-C26E-400F-A8A9-4AD1C4E19155}"
EndProject
Project("{8BC9CEB8-8B4A-11D0-8D11-00A0C91BC942}") = "Leet-ValidSudoku-Medium", "Leet-ValidSudoku-Medium\Leet-ValidSudoku-Medium.vcxproj", "{620CE7E3-682F-4E18-B341-8B37334E056B}"
EndProject
Global
	GlobalSection(SolutionConfigurationPlatforms) = preSolution
		Debug|Any CPU = Debug|Any CPU
		Debug|x64 = Debug|x64
		Debug|x86 = Debug|x86
		Release|Any CPU = Release|Any CPU
		Release|x64 = Release|x64
		Release|x86 = Release|x86
	EndGlobalSection
	GlobalSection(ProjectConfigurationPlatforms) = postSolution
		{98F6AE06-46D8-46D2-8E59-4A4A131C604B}.Debug|Any CPU.ActiveCfg = Debug|Win32
		{98F6AE06-46D8-46D2-8E59-4A4A131C604B}.Debug|x64.ActiveCfg = Debug|x64
		{98F6AE06-46D8-46D2-8E59-4A4A131C604B}.Debug|x64.Build.0 = Debug|x64
		{98F6AE06-46D8-46D2-8E59-4A4A131C604B}.Debug|x86.ActiveCfg = Debug|Win32
		{98F6AE06-46D8-46D2-8E59-4A4A131C604B}.Debug|x86.Build.0 = Debug|Win32
		{98F6AE06-46D8-46D2-8E59-4A4A131C604B}.Release|Any CPU.ActiveCfg = Release|Win32
		{98F6AE06-46D8-46D2-8E59-4A4A131C604B}.Release|x64.ActiveCfg = Release|x64
		{98F6AE06-46D8-46D2-8E59-4A4A131C604B}.Release|x64.Build.0 = Release|x64
		{98F6AE06-46D8-46D2-8E59-4A4A131C604B}.Release|x86.ActiveCfg = Release|Win32
		{98F6AE06-46D8-46D2-8E59-4A4A131C604B}.Release|x86.Build.0 = Release|Win32
		{AE3D931C-642D-4D48-8197-6839BEB8B924}.Debug|Any CPU.ActiveCfg = Debug|Win32
		{AE3D931C-642D-4D48-8197-6839BEB8B924}.Debug|x64.ActiveCfg = Debug|x64
		{AE3D931C-642D-4D48-8197-6839BEB8B924}.Debug|x64.Build.0 = Debug|x64
		{AE3D931C-642D-4D48-8197-6839BEB8B924}.Debug|x86.ActiveCfg = Debug|Win32
		{AE3D931C-642D-4D48-8197-6839BEB8B924}.Debug|x86.Build.0 = Debug|Win32
		{AE3D931C-642D-4D48-8197-6839BEB8B924}.Release|Any CPU.ActiveCfg = Release|Win32
		{AE3D931C-642D-4D48-8197-6839BEB8B924}.Release|x64.ActiveCfg = Release|x64
		{AE3D931C-642D-4D48-8197-6839BEB8B924}.Release|x64.Build.0 = Release|x64
		{AE3D931C-642D-4D48-8197-6839BEB8B924}.Release|x86.ActiveCfg = Release|Win32
		{AE3D931C-642D-4D48-8197-6839BEB8B924}.Release|x86.Build.0 = Release|Win32
		{D576F7BE-FC9A-4EC3-97CD-7B1A9D683CEF}.Debug|Any CPU.ActiveCfg = Debug|Win32
		{D576F7BE-FC9A-4EC3-97CD-7B1A9D683CEF}.Debug|x64.ActiveCfg = Debug|x64
		{D576F7BE-FC9A-4EC3-97CD-7B1A9D683CEF}.Debug|x64.Build.0 = Debug|x64
		{D576F7BE-FC9A-4EC3-97CD-7B1A9D683CEF}.Debug|x86.ActiveCfg = Debug|Win32
		{D576F7BE-FC9A-4EC3-97CD-7B1A9D683CEF}.Debug|x86.Build.0 = Debug|Win32
		{D576F7BE-FC9A-4EC3-97CD-7B1A9D683CEF}.Release|Any CPU.ActiveCfg = Release|Win32
		{D576F7BE-FC9A-4EC3-97CD-7B1A9D683CEF}.Release|x64.ActiveCfg = Release|x64
		{D576F7BE-FC9A-4EC3-97CD-7B1A9D683CEF}.Release|x64.Build.0 = Release|x64
		{D576F7BE-FC9A-4EC3-97CD-7B1A9D683CEF}.Release|x86.ActiveCfg = Release|Win32
		{D576F7BE-FC9A-4EC3-97CD-7B1A9D683CEF}.Release|x86.Build.0 = Release|Win32
		{3DDFF214-C88D-45AE-AED7-DB37E38A0EA9}.Debug|Any CPU.ActiveCfg = Debug|Win32
		{3DDFF214-C88D-45AE-AED7-DB37E38A0EA9}.Debug|x64.ActiveCfg = Debug|x64
		{3DDFF214-C88D-45AE-AED7-DB37E38A0EA9}.Debug|x64.Build.0 = Debug|x64
		{3DDFF214-C88D-45AE-AED7-DB37E38A0EA9}.Debug|x86.ActiveCfg = Debug|Win32
		{3DDFF214-C88D-45AE-AED7-DB37E38A0EA9}.Debug|x86.Build.0 = Debug|Win32
		{3DDFF214-C88D-45AE-AED7-DB37E38A0EA9}.Release|Any CPU.ActiveCfg = Release|Win32
		{3DDFF214-C88D-45AE-AED7-DB37E38A0EA9}.Release|x64.ActiveCfg = Release|x64
		{3DDFF214-C88D-45AE-AED7-DB37E38A0EA9}.Release|x64.Build.0 = Release|x64
		{3DDFF214-C88D-45AE-AED7-DB37E38A0EA9}.Release|x86.ActiveCfg = Release|Win32
		{3DDFF214-C88D-45AE-AED7-DB37E38A0EA9}.Release|x86.Build.0 = Release|Win32
		{5A8A3C26-6820-4F1C-864F-1E8E01981BC8}.Debug|Any CPU.ActiveCfg = Debug|Win32
		{5A8A3C26-6820-4F1C-864F-1E8E01981BC8}.Debug|x64.ActiveCfg = Debug|x64
		{5A8A3C26-6820-4F1C-864F-1E8E01981BC8}.Debug|x64.Build.0 = Debug|x64
		{5A8A3C26-6820-4F1C-864F-1E8E01981BC8}.Debug|x86.ActiveCfg = Debug|Win32
		{5A8A3C26-6820-4F1C-864F-1E8E01981BC8}.Debug|x86.Build.0 = Debug|Win32
		{5A8A3C26-6820-4F1C-864F-1E8E01981BC8}.Release|Any CPU.ActiveCfg = Release|Win32
		{5A8A3C26-6820-4F1C-864F-1E8E01981BC8}.Release|x64.ActiveCfg = Release|x64
		{5A8A3C26-6820-4F1C-864F-1E8E01981BC8}.Release|x64.Build.0 = Release|x64
		{5A8A3C26-6820-4F1C-864F-1E8E01981BC8}.Release|x86.ActiveCfg = Release|Win32
		{5A8A3C26-6820-4F1C-864F-1E8E01981BC8}.Release|x86.Build.0 = Release|Win32
		{3EC67462-17E7-49F5-8599-AD0C1100090C}.Debug|Any CPU.ActiveCfg = Debug|Win32
		{3EC67462-17E7-49F5-8599-AD0C1100090C}.Debug|x64.ActiveCfg = Debug|x64
		{3EC67462-17E7-49F5-8599-AD0C1100090C}.Debug|x64.Build.0 = Debug|x64
		{3EC67462-17E7-49F5-8599-AD0C1100090C}.Debug|x86.ActiveCfg = Debug|Win32
		{3EC67462-17E7-49F5-8599-AD0C1100090C}.Debug|x86.Build.0 = Debug|Win32
		{3EC67462-17E7-49F5-8599-AD0C1100090C}.Release|Any CPU.ActiveCfg = Release|Win32
		{3EC67462-17E7-49F5-8599-AD0C1100090C}.Release|x64.ActiveCfg = Release|x64
		{3EC67462-17E7-49F5-8599-AD0C1100090C}.Release|x64.Build.0 = Release|x64
		{3EC67462-17E7-49F5-8599-AD0C1100090C}.Release|x86.ActiveCfg = Release|Win32
		{3EC67462-17E7-49F5-8599-AD0C1100090C}.Release|x86.Build.0 = Release|Win32
		{D25B4742-26D8-485A-AD70-100F8CD693DB}.Debug|Any CPU.ActiveCfg = Debug|Win32
		{D25B4742-26D8-485A-AD70-100F8CD693DB}.Debug|x64.ActiveCfg = Debug|x64
		{D25B4742-26D8-485A-AD70-100F8CD693DB}.Debug|x64.Build.0 = Debug|x64
		{D25B4742-26D8-485A-AD70-100F8CD693DB}.Debug|x86.ActiveCfg = Debug|Win32
		{D25B4742-26D8-485A-AD70-100F8CD693DB}.Debug|x86.Build.0 = Debug|Win32
		{D25B4742-26D8-485A-AD70-100F8CD693DB}.Release|Any CPU.ActiveCfg = Release|Win32
		{D25B4742-26D8-485A-AD70-100F8CD693DB}.Release|x64.ActiveCfg = Release|x64
		{D25B4742-26D8-485A-AD70-100F8CD693DB}.Release|x64.Build.0 = Release|x64
		{D25B4742-26D8-485A-AD70-100F8CD693DB}.Release|x86.ActiveCfg = Release|Win32
		{D25B4742-26D8-485A-AD70-100F8CD693DB}.Release|x86.Build.0 = Release|Win32
		{206F2070-2732-488C-AD78-A60A28141D53}.Debug|Any CPU.ActiveCfg = Debug|Win32
		{206F2070-2732-488C-AD78-A60A28141D53}.Debug|x64.ActiveCfg = Debug|x64
		{206F2070-2732-488C-AD78-A60A28141D53}.Debug|x64.Build.0 = Debug|x64
		{206F2070-2732-488C-AD78-A60A28141D53}.Debug|x86.ActiveCfg = Debug|Win32
		{206F2070-2732-488C-AD78-A60A28141D53}.Debug|x86.Build.0 = Debug|Win32
		{206F2070-2732-488C-AD78-A60A28141D53}.Release|Any CPU.ActiveCfg = Release|Win32
		{206F2070-2732-488C-AD78-A60A28141D53}.Release|x64.ActiveCfg = Release|x64
		{206F2070-2732-488C-AD78-A60A28141D53}.Release|x64.Build.0 = Release|x64
		{206F2070-2732-488C-AD78-A60A28141D53}.Release|x86.ActiveCfg = Release|Win32
		{206F2070-2732-488C-AD78-A60A28141D53}.Release|x86.Build.0 = Release|Win32
		{CAD8B3D2-A69E-4EAD-80F6-2E75A0320851}.Debug|Any CPU.ActiveCfg = Debug|Win32
		{CAD8B3D2-A69E-4EAD-80F6-2E75A0320851}.Debug|x64.ActiveCfg = Debug|x64
		{CAD8B3D2-A69E-4EAD-80F6-2E75A0320851}.Debug|x64.Build.0 = Debug|x64
		{CAD8B3D2-A69E-4EAD-80F6-2E75A0320851}.Debug|x86.ActiveCfg = Debug|Win32
		{CAD8B3D2-A69E-4EAD-80F6-2E75A0320851}.Debug|x86.Build.0 = Debug|Win32
		{CAD8B3D2-A69E-4EAD-80F6-2E75A0320851}.Release|Any CPU.ActiveCfg = Release|Win32
		{CAD8B3D2-A69E-4EAD-80F6-2E75A0320851}.Release|x64.ActiveCfg = Release|x64
		{CAD8B3D2-A69E-4EAD-80F6-2E75A0320851}.Release|x64.Build.0 = Release|x64
		{CAD8B3D2-A69E-4EAD-80F6-2E75A0320851}.Release|x86.ActiveCfg = Release|Win32
		{CAD8B3D2-A69E-4EAD-80F6-2E75A0320851}.Release|x86.Build.0 = Release|Win32
		{D42C1003-30C8-44FF-A5F4-CEBF26C8A62B}.Debug|Any CPU.ActiveCfg = Debug|Win32
		{D42C1003-30C8-44FF-A5F4-CEBF26C8A62B}.Debug|x64.ActiveCfg = Debug|x64
		{D42C1003-30C8-44FF-A5F4-CEBF26C8A62B}.Debug|x64.Build.0 = Debug|x64
		{D42C1003-30C8-44FF-A5F4-CEBF26C8A62B}.Debug|x86.ActiveCfg = Debug|Win32
		{D42C1003-30C8-44FF-A5F4-CEBF26C8A62B}.Debug|x86.Build.0 = Debug|Win32
		{D42C1003-30C8-44FF-A5F4-CEBF26C8A62B}.Release|Any CPU.ActiveCfg = Release|Win32
		{D42C1003-30C8-44FF-A5F4-CEBF26C8A62B}.Release|x64.ActiveCfg = Release|x64
		{D42C1003-30C8-44FF-A5F4-CEBF26C8A62B}.Release|x64.Build.0 = Release|x64
		{D42C1003-30C8-44FF-A5F4-CEBF26C8A62B}.Release|x86.ActiveCfg = Release|Win32
		{D42C1003-30C8-44FF-A5F4-CEBF26C8A62B}.Release|x86.Build.0 = Release|Win32
		{13968ED8-AFB3-469B-97BA-9A5CC8F154C5}.Debug|Any CPU.ActiveCfg = Debug|Win32
		{13968ED8-AFB3-469B-97BA-9A5CC8F154C5}.Debug|x64.ActiveCfg = Debug|x64
		{13968ED8-AFB3-469B-97BA-9A5CC8F154C5}.Debug|x64.Build.0 = Debug|x64
		{13968ED8-AFB3-469B-97BA-9A5CC8F154C5}.Debug|x86.ActiveCfg = Debug|Win32
		{13968ED8-AFB3-469B-97BA-9A5CC8F154C5}.Debug|x86.Build.0 = Debug|Win32
		{13968ED8-AFB3-469B-97BA-9A5CC8F154C5}.Release|Any CPU.ActiveCfg = Release|Win32
		{13968ED8-AFB3-469B-97BA-9A5CC8F154C5}.Release|x64.ActiveCfg = Release|x64
		{13968ED8-AFB3-469B-97BA-9A5CC8F154C5}.Release|x64.Build.0 = Release|x64
		{13968ED8-AFB3-469B-97BA-9A5CC8F154C5}.Release|x86.ActiveCfg = Release|Win32
		{13968ED8-AFB3-469B-97BA-9A5CC8F154C5}.Release|x86.Build.0 = Release|Win32
		{70897064-5131-4748-8306-BA3E73DA53D7}.Debug|Any CPU.ActiveCfg = Debug|Win32
		{70897064-5131-4748-8306-BA3E73DA53D7}.Debug|x64.ActiveCfg = Debug|x64
		{70897064-5131-4748-8306-BA3E73DA53D7}.Debug|x64.Build.0 = Debug|x64
		{70897064-5131-4748-8306-BA3E73DA53D7}.Debug|x86.ActiveCfg = Debug|Win32
		{70897064-5131-4748-8306-BA3E73DA53D7}.Debug|x86.Build.0 = Debug|Win32
		{70897064-5131-4748-8306-BA3E73DA53D7}.Release|Any CPU.ActiveCfg = Release|Win32
		{70897064-5131-4748-8306-BA3E73DA53D7}.Release|x64.ActiveCfg = Release|x64
		{70897064-5131-4748-8306-BA3E73DA53D7}.Release|x64.Build.0 = Release|x64
		{70897064-5131-4748-8306-BA3E73DA53D7}.Release|x86.ActiveCfg = Release|Win32
		{70897064-5131-4748-8306-BA3E73DA53D7}.Release|x86.Build.0 = Release|Win32
		{D0E52D67-8483-4969-AB93-E1A33C395E8E}.Debug|Any CPU.ActiveCfg = Debug|Win32
		{D0E52D67-8483-4969-AB93-E1A33C395E8E}.Debug|x64.ActiveCfg = Debug|x64
		{D0E52D67-8483-4969-AB93-E1A33C395E8E}.Debug|x64.Build.0 = Debug|x64
		{D0E52D67-8483-4969-AB93-E1A33C395E8E}.Debug|x86.ActiveCfg = Debug|Win32
		{D0E52D67-8483-4969-AB93-E1A33C395E8E}.Debug|x86.Build.0 = Debug|Win32
		{D0E52D67-8483-4969-AB93-E1A33C395E8E}.Release|Any CPU.ActiveCfg = Release|Win32
		{D0E52D67-8483-4969-AB93-E1A33C395E8E}.Release|x64.ActiveCfg = Release|x64
		{D0E52D67-8483-4969-AB93-E1A33C395E8E}.Release|x64.Build.0 = Release|x64
		{D0E52D67-8483-4969-AB93-E1A33C395E8E}.Release|x86.ActiveCfg = Release|Win32
		{D0E52D67-8483-4969-AB93-E1A33C395E8E}.Release|x86.Build.0 = Release|Win32
		{067A83A0-83C2-4364-BACE-B06A17037623}.Debug|Any CPU.ActiveCfg = Debug|Win32
		{067A83A0-83C2-4364-BACE-B06A17037623}.Debug|x64.ActiveCfg = Debug|x64
		{067A83A0-83C2-4364-BACE-B06A17037623}.Debug|x64.Build.0 = Debug|x64
		{067A83A0-83C2-4364-BACE-B06A17037623}.Debug|x86.ActiveCfg = Debug|Win32
		{067A83A0-83C2-4364-BACE-B06A17037623}.Debug|x86.Build.0 = Debug|Win32
		{067A83A0-83C2-4364-BACE-B06A17037623}.Release|Any CPU.ActiveCfg = Release|Win32
		{067A83A0-83C2-4364-BACE-B06A17037623}.Release|x64.ActiveCfg = Release|x64
		{067A83A0-83C2-4364-BACE-B06A17037623}.Release|x64.Build.0 = Release|x64
		{067A83A0-83C2-4364-BACE-B06A17037623}.Release|x86.ActiveCfg = Release|Win32
		{067A83A0-83C2-4364-BACE-B06A17037623}.Release|x86.Build.0 = Release|Win32
		{FB2FF3CC-C041-44FB-8638-86B1F8EB1167}.Debug|Any CPU.ActiveCfg = Debug|Win32
		{FB2FF3CC-C041-44FB-8638-86B1F8EB1167}.Debug|x64.ActiveCfg = Debug|x64
		{FB2FF3CC-C041-44FB-8638-86B1F8EB1167}.Debug|x64.Build.0 = Debug|x64
		{FB2FF3CC-C041-44FB-8638-86B1F8EB1167}.Debug|x86.ActiveCfg = Debug|Win32
		{FB2FF3CC-C041-44FB-8638-86B1F8EB1167}.Debug|x86.Build.0 = Debug|Win32
		{FB2FF3CC-C041-44FB-8638-86B1F8EB1167}.Release|Any CPU.ActiveCfg = Release|Win32
		{FB2FF3CC-C041-44FB-8638-86B1F8EB1167}.Release|x64.ActiveCfg = Release|x64
		{FB2FF3CC-C041-44FB-8638-86B1F8EB1167}.Release|x64.Build.0 = Release|x64
		{FB2FF3CC-C041-44FB-8638-86B1F8EB1167}.Release|x86.ActiveCfg = Release|Win32
		{FB2FF3CC-C041-44FB-8638-86B1F8EB1167}.Release|x86.Build.0 = Release|Win32
		{9E91796E-1F98-4F1D-B8A3-A2B8A621D492}.Debug|Any CPU.ActiveCfg = Debug|Win32
		{9E91796E-1F98-4F1D-B8A3-A2B8A621D492}.Debug|x64.ActiveCfg = Debug|x64
		{9E91796E-1F98-4F1D-B8A3-A2B8A621D492}.Debug|x64.Build.0 = Debug|x64
		{9E91796E-1F98-4F1D-B8A3-A2B8A621D492}.Debug|x86.ActiveCfg = Debug|Win32
		{9E91796E-1F98-4F1D-B8A3-A2B8A621D492}.Debug|x86.Build.0 = Debug|Win32
		{9E91796E-1F98-4F1D-B8A3-A2B8A621D492}.Release|Any CPU.ActiveCfg = Release|Win32
		{9E91796E-1F98-4F1D-B8A3-A2B8A621D492}.Release|x64.ActiveCfg = Release|x64
		{9E91796E-1F98-4F1D-B8A3-A2B8A621D492}.Release|x64.Build.0 = Release|x64
		{9E91796E-1F98-4F1D-B8A3-A2B8A621D492}.Release|x86.ActiveCfg = Release|Win32
		{9E91796E-1F98-4F1D-B8A3-A2B8A621D492}.Release|x86.Build.0 = Release|Win32
		{0A83B534-C26E-400F-A8A9-4AD1C4E19155}.Debug|Any CPU.ActiveCfg = Debug|Win32
		{0A83B534-C26E-400F-A8A9-4AD1C4E19155}.Debug|x64.ActiveCfg = Debug|x64
		{0A83B534-C26E-400F-A8A9-4AD1C4E19155}.Debug|x64.Build.0 = Debug|x64
		{0A83B534-C26E-400F-A8A9-4AD1C4E19155}.Debug|x86.ActiveCfg = Debug|Win32
		{0A83B534-C26E-400F-A8A9-4AD1C4E19155}.Debug|x86.Build.0 = Debug|Win32
		{0A83B534-C26E-400F-A8A9-4AD1C4E19155}.Release|Any CPU.ActiveCfg = Release|Win32
		{0A83B534-C26E-400F-A8A9-4AD1C4E19155}.Release|x64.ActiveCfg = Release|x64
		{0A83B534-C26E-400F-A8A9-4AD1C4E19155}.Release|x64.Build.0 = Release|x64
		{0A83B534-C26E-400F-A8A9-4AD1C4E19155}.Release|x86.ActiveCfg = Release|Win32
		{0A83B534-C26E-400F-A8A9-4AD1C4E19155}.Release|x86.Build.0 = Release|Win32
		{620CE7E3-682F-4E18-B341-8B37334E056B}.Debug|Any CPU.ActiveCfg = Debug|Win32
		{620CE7E3-682F-4E18-B341-8B37334E056B}.Debug|x64.ActiveCfg = Debug|x64
		{620CE7E3-682F-4E18-B341-8B37334E056B}.Debug|x64.Build.0 = Debug|x64
		{620CE7E3-682F-4E18-B341-8B37334E056B}.Debug|x86.ActiveCfg = Debug|Win32
		{620CE7E3-682F-4E18-B341-8B37334E056B}.Debug|x86.Build.0 = Debug|Win32
		{620CE7E3-682F-4E18-B341-8B37334E056B}.Release|Any CPU.ActiveCfg = Release|Win32
		{620CE7E3-682F-4E18-B341-8B37334E056B}.Release|x64.ActiveCfg = Release|x64
		{620CE7E3-682F-4E18-B341-8B37334E056B}.Release|x64.Build.0 = Release|x64
		{620CE7E3-682F-4E18-B341-8B37334E056B}.Release|x86.ActiveCfg = Release|Win32
		{620CE7E3-682F-4E18-B341-8B37334E056B}.Release|x86.Build.0 = Release|Win32
	EndGlobalSection
	GlobalSection(SolutionProperties) = preSolution
		HideSolutionNode = FALSE
	EndGlobalSection
	GlobalSection(ExtensibilityGlobals) = postSolution
		SolutionGuid = {83F2D817-2BE5-426D-BB19-FD917DA14DC2}
	EndGlobalSection
EndGlobal
