
Microsoft Visual Studio Solution File, Format Version 12.00
# Visual Studio Version 16
VisualStudioVersion = 16.0.29230.47
MinimumVisualStudioVersion = 10.0.40219.1
Project("{8BC9CEB8-8B4A-11D0-8D11-00A0C91BC942}") = "CTCI-URLify", "CTCI\CTCI.vcxproj", "{98F6AE06-46D8-46D2-8E59-4A4A131C604B}"
EndProject
Project("{8BC9CEB8-8B4A-11D0-8D11-00A0C91BC942}") = "CTCI-PalindromePermutation", "CTCI-PalindromePermutation\CTCI-PalindromePermutation.vcxproj", "{AE3D931C-642D-4D48-8197-6839BEB8B924}"
EndProject
Project("{8BC9CEB8-8B4A-11D0-8D11-00A0C91BC942}") = "CTCI-OneAway", "CTCI-OneAway\CTCI-OneAway.vcxproj", "{D576F7BE-FC9A-4EC3-97CD-7B1A9D683CEF}"
EndProject
Project("{8BC9CEB8-8B4A-11D0-8D11-00A0C91BC942}") = "CTCI-StringCompression", "CTCI-StringCompression\CTCI-StringCompression.vcxproj", "{3DDFF214-C88D-45AE-AED7-DB37E38A0EA9}"
EndProject
Project("{8BC9CEB8-8B4A-11D0-8D11-00A0C91BC942}") = "CTCI-RotateMatrix", "CTCI-RotateMatrix\CTCI-RotateMatrix.vcxproj", "{5A8A3C26-6820-4F1C-864F-1E8E01981BC8}"
EndProject
Project("{8BC9CEB8-8B4A-11D0-8D11-00A0C91BC942}") = "CTCI-ZeroMatrix", "CTCI-ZeroMatrix\CTCI-ZeroMatrix.vcxproj", "{3EC67462-17E7-49F5-8599-AD0C1100090C}"
EndProject
Project("{8BC9CEB8-8B4A-11D0-8D11-00A0C91BC942}") = "CTCI-StringRotation", "CTCI-StringRotation\CTCI-StringRotation.vcxproj", "{D25B4742-26D8-485A-AD70-100F8CD693DB}"
EndProject
Project("{8BC9CEB8-8B4A-11D0-8D11-00A0C91BC942}") = "CTCI-RemoveDups", "CTCI-RemoveDups\CTCI-RemoveDups.vcxproj", "{206F2070-2732-488C-AD78-A60A28141D53}"
EndProject
Project("{8BC9CEB8-8B4A-11D0-8D11-00A0C91BC942}") = "CTCI-KthToLastElement", "CTCI-KthToLastElement\CTCI-KthToLastElement.vcxproj", "{CAD8B3D2-A69E-4EAD-80F6-2E75A0320851}"
EndProject
Project("{8BC9CEB8-8B4A-11D0-8D11-00A0C91BC942}") = "CTCI-SumLists", "CTCI-SumLists\CTCI-SumLists.vcxproj", "{D42C1003-30C8-44FF-A5F4-CEBF26C8A62B}"
EndProject
Project("{8BC9CEB8-8B4A-11D0-8D11-00A0C91BC942}") = "CTCI-PushPopMin", "CTCI-PushPopMin\CTCI-PushPopMin.vcxproj", "{13968ED8-AFB3-469B-97BA-9A5CC8F154C5}"
EndProject
Project("{8BC9CEB8-8B4A-11D0-8D11-00A0C91BC942}") = "CTCI-SortStack", "CTCI-SortStack\CTCI-SortStack.vcxproj", "{70897064-5131-4748-8306-BA3E73DA53D7}"
EndProject
Project("{8BC9CEB8-8B4A-11D0-8D11-00A0C91BC942}") = "CTCI-AnimalShelter", "CTCI-AnimalShelter\CTCI-AnimalShelter.vcxproj", "{D0E52D67-8483-4969-AB93-E1A33C395E8E}"
EndProject
Project("{8BC9CEB8-8B4A-11D0-8D11-00A0C91BC942}") = "CTCI-MinBST", "CTCI-MinBST\CTCI-MinBST.vcxproj", "{067A83A0-83C2-4364-BACE-B06A17037623}"
EndProject
Project("{8BC9CEB8-8B4A-11D0-8D11-00A0C91BC942}") = "AmazonInternQuestion2-TreeAvg", "AmazonInternQuestion2-TreeAvg\AmazonInternQuestion2-TreeAvg.vcxproj", "{FB2FF3CC-C041-44FB-8638-86B1F8EB1167}"
EndProject
Project("{8BC9CEB8-8B4A-11D0-8D11-00A0C91BC942}") = "Leet-PlusOne-Easy", "Leet-PlusOne-Easy\Leet-PlusOne-Easy.vcxproj", "{9E91796E-1F98-4F1D-B8A3-A2B8A621D492}"
EndProject
Project("{8BC9CEB8-8B4A-11D0-8D11-00A0C91BC942}") = "Leet-TwoSum-Easy", "Leet-TwoSum-Easy\Leet-TwoSum-Easy.vcxproj", "{0A83B534-C26E-400F-A8A9-4AD1C4E19155}"
EndProject
Project("{8BC9CEB8-8B4A-11D0-8D11-00A0C91BC942}") = "Leet-ValidSudoku-Medium", "Leet-ValidSudoku-Medium\Leet-ValidSudoku-Medium.vcxproj", "{620CE7E3-682F-4E18-B341-8B37334E056B}"
EndProject
Project("{8BC9CEB8-8B4A-11D0-8D11-00A0C91BC942}") = "Leet-StrinReverse-Easy", "Leet-StrinReverse-Easy\Leet-StrinReverse-Easy.vcxproj", "{5741DA95-744E-4B4B-A656-A92E12225B38}"
EndProject
Project("{8BC9CEB8-8B4A-11D0-8D11-00A0C91BC942}") = "Leet-ReverseInteger-Easy", "Leet-ReverseInteger-Easy\Leet-ReverseInteger-Easy.vcxproj", "{8EB4B3F7-87C8-4DB8-A8A7-27202B874445}"
EndProject
Project("{8BC9CEB8-8B4A-11D0-8D11-00A0C91BC942}") = "Leet-FirstUniqueChar-Easy", "Leet-FirstUniqueChar-Easy\Leet-FirstUniqueChar-Easy.vcxproj", "{B13981B5-D4EE-499E-B752-3F8FDBDEB809}"
EndProject
Project("{8BC9CEB8-8B4A-11D0-8D11-00A0C91BC942}") = "Leet-Anagram-Easy", "Leet-Anagram-Easy\Leet-Anagram-Easy.vcxproj", "{3241B83F-E0E0-49A8-9F33-225B7D50B4E4}"
EndProject
Project("{8BC9CEB8-8B4A-11D0-8D11-00A0C91BC942}") = "Leet-ValidPalidrome-Easy", "Leet-ValidPalidrome-Easy\Leet-ValidPalidrome-Easy.vcxproj", "{A402FD78-975D-42E8-A1DF-17712863B00D}"
EndProject
Project("{8BC9CEB8-8B4A-11D0-8D11-00A0C91BC942}") = "Leet-StringToInteger-Medium", "Leet-StringToInteger-Medium\Leet-StringToInteger-Medium.vcxproj", "{B92D065A-420B-42D6-8586-1ADDD6D79F5A}"
EndProject
Project("{8BC9CEB8-8B4A-11D0-8D11-00A0C91BC942}") = "Leet-Strstr-Medium", "Leet-Strstr-Medium\Leet-Strstr-Medium.vcxproj", "{B5CF7814-00E0-4B29-9C63-DACAC5A5C99D}"
EndProject
Project("{8BC9CEB8-8B4A-11D0-8D11-00A0C91BC942}") = "Leet-CountAndSay-Medium", "Leet-CountAndSay-Medium\Leet-CountAndSay-Medium.vcxproj", "{77B8480E-16F6-460B-A15B-3B163B939461}"
EndProject
Project("{8BC9CEB8-8B4A-11D0-8D11-00A0C91BC942}") = "Leet-LongestCommonPrefix", "Leet-LongestCommonPrefix\Leet-LongestCommonPrefix.vcxproj", "{7693B532-03C5-4544-825C-33E33F17AF66}"
EndProject
Project("{8BC9CEB8-8B4A-11D0-8D11-00A0C91BC942}") = "Leet-DeleteNodeLL-Easy", "Leet-DeleteNodeLL-Easy\Leet-DeleteNodeLL-Easy.vcxproj", "{3D98098A-45AB-4B4C-8AC8-B29A924D4209}"
EndProject
Project("{8BC9CEB8-8B4A-11D0-8D11-00A0C91BC942}") = "Leet-DeletNthNodeLL-Easy", "Leet-DeletNthNodeLL-Easy\Leet-DeletNthNodeLL-Easy.vcxproj", "{E423D76D-D95E-4194-AC17-A7700A331252}"
EndProject
Project("{8BC9CEB8-8B4A-11D0-8D11-00A0C91BC942}") = "Leet-ReverseLL-Easy", "Leet-ReverseLL-Easy\Leet-ReverseLL-Easy.vcxproj", "{F3E4EF41-5BAB-4055-BBBA-E55D164AB12B}"
EndProject
Project("{8BC9CEB8-8B4A-11D0-8D11-00A0C91BC942}") = "Leet-MergeTwoLists-Easy", "Leet-MergeTwoLists-Easy\Leet-MergeTwoLists-Easy.vcxproj", "{FE614BB0-3F10-4CFE-ADCF-976B60099E39}"
EndProject
Project("{8BC9CEB8-8B4A-11D0-8D11-00A0C91BC942}") = "Leet-PalindromeLL-Easy", "Leet-PalindromeLL-Easy\Leet-PalindromeLL-Easy.vcxproj", "{50B9A214-0B5D-4B03-82EE-500DA34DC2F0}"
EndProject
Project("{8BC9CEB8-8B4A-11D0-8D11-00A0C91BC942}") = "Leet-LLCycle-Easy", "Leet-LLCycle-Easy\Leet-LLCycle-Easy.vcxproj", "{E58BB7E1-2E07-4315-9A98-14954C8B2740}"
EndProject
Project("{8BC9CEB8-8B4A-11D0-8D11-00A0C91BC942}") = "Leet-MaximumDepthOfBinaryTree-Easy", "Leet-MaximumDepthOfBinaryTree-Easy\Leet-MaximumDepthOfBinaryTree-Easy.vcxproj", "{F7011781-FC3B-4FD6-8EC5-4C12A708BC89}"
EndProject
Project("{8BC9CEB8-8B4A-11D0-8D11-00A0C91BC942}") = "Leet-ValidateBST-Easy", "Leet-ValidateBST-Easy\Leet-ValidateBST-Easy.vcxproj", "{AA0F94AD-B5C8-422D-9C54-3E2B6720CE6C}"
EndProject
Project("{8BC9CEB8-8B4A-11D0-8D11-00A0C91BC942}") = "Leet-SmmetricTree-Easy", "Leet-SmmetricTree-Easy\Leet-SmmetricTree-Easy.vcxproj", "{BC07A1BD-0A03-459C-9686-4F724072ED96}"
EndProject
Project("{8BC9CEB8-8B4A-11D0-8D11-00A0C91BC942}") = "Leet-LevelOrderTraversal-Easy", "Leet-LevelOrderTraversal-Easy\Leet-LevelOrderTraversal-Easy.vcxproj", "{F49830E0-A5A3-4C36-B5C6-096823C430B4}"
EndProject
Project("{8BC9CEB8-8B4A-11D0-8D11-00A0C91BC942}") = "Leet-ConvertArrayToBinaryTree-Easy", "Leet-ConvertArrayToBinaryTree-Easy\Leet-ConvertArrayToBinaryTree-Easy.vcxproj", "{90E5DEF4-247E-4706-A0A1-DEF15C094F50}"
EndProject
Project("{8BC9CEB8-8B4A-11D0-8D11-00A0C91BC942}") = "CPP-Practice", "CPP-Practice\CPP-Practice.vcxproj", "{FB5EB395-5CEC-45C9-97A3-8614D896FEC5}"
EndProject
Project("{8BC9CEB8-8B4A-11D0-8D11-00A0C91BC942}") = "Leet-MergeLists-Easy", "Leet-MergeLists-Easy\Leet-MergeLists-Easy.vcxproj", "{7AE0D1D6-4DA9-48AE-B529-B40AEE3A5509}"
EndProject
Project("{8BC9CEB8-8B4A-11D0-8D11-00A0C91BC942}") = "Leet-FirstBadVersion-Easy", "Leet-FirstBadVersion-Easy\Leet-FirstBadVersion-Easy.vcxproj", "{CA0FC71F-5F7C-47DB-8816-754B48A6A618}"
EndProject
Project("{8BC9CEB8-8B4A-11D0-8D11-00A0C91BC942}") = "Leet-LongestSubstringWithoutRepeating-Medium", "Leet-LongestSubstringWithoutRepeating-Medium\Leet-LongestSubstringWithoutRepeating-Medium.vcxproj", "{964AB20F-35F3-4858-93A1-635081D7C0BC}"
EndProject
Project("{8BC9CEB8-8B4A-11D0-8D11-00A0C91BC942}") = "Leet-ContainerWithMostWater-Medium", "Leet-ContainerWithMostWater-Medium\Leet-ContainerWithMostWater-Medium.vcxproj", "{5D79072B-100E-45C7-9E34-AF413C2D5C94}"
EndProject
Project("{8BC9CEB8-8B4A-11D0-8D11-00A0C91BC942}") = "Leet-IntegerToRoman-Medium", "Leet-IntegerToRoman-Medium\Leet-IntegerToRoman-Medium.vcxproj", "{A9E2F444-33ED-40AA-A9CF-AE14B8A28F72}"
EndProject
Project("{8BC9CEB8-8B4A-11D0-8D11-00A0C91BC942}") = "Leet-RomanToInteger-Medium", "Leet-RomanToInteger-Medium\Leet-RomanToInteger-Medium.vcxproj", "{6D463C02-50D1-4FC0-AA30-4DEA12DEE525}"
EndProject
Project("{8BC9CEB8-8B4A-11D0-8D11-00A0C91BC942}") = "Leet-3Sum-Medium", "Leet-3Sum-Medium\Leet-3Sum-Medium.vcxproj", "{C3EB7E2D-A487-476D-B7AC-32FA48B5B3B6}"
EndProject
Project("{8BC9CEB8-8B4A-11D0-8D11-00A0C91BC942}") = "Leet-RotateImage-Medium", "Leet-RotateImage-Medium\Leet-RotateImage-Medium.vcxproj", "{9C68FC4B-884F-4DFF-A284-4CB4F7378BAB}"
EndProject
Project("{8BC9CEB8-8B4A-11D0-8D11-00A0C91BC942}") = "Leet-GroupAnagrams-Medium", "Leet-GroupAnagrams-Medium\Leet-GroupAnagrams-Medium.vcxproj", "{BCF0EABC-373E-449C-A22A-9B062C354680}"
EndProject
Project("{8BC9CEB8-8B4A-11D0-8D11-00A0C91BC942}") = "Leet-MinimumWindowSubstring-Hard", "Leet-MinimumWindowSubstring-Hard\Leet-MinimumWindowSubstring-Hard.vcxproj", "{01BC1066-E662-4798-AE50-F03F8F0A2CB4}"
EndProject
Project("{8BC9CEB8-8B4A-11D0-8D11-00A0C91BC942}") = "Leet-ReorderDataInLogFiles-Easy", "Leet-ReorderDataInLogFiles-Easy\Leet-ReorderDataInLogFiles-Easy.vcxproj", "{D4A9C427-CF0A-4CCC-B12A-9DD2BF2470E6}"
EndProject
Project("{8BC9CEB8-8B4A-11D0-8D11-00A0C91BC942}") = "Leet-NumOfIslands-Medium", "Leet-NumOfIslands-Medium\Leet-NumOfIslands-Medium.vcxproj", "{C55CF337-DF46-488E-9BD6-900B9D7CDBDF}"
EndProject
Project("{8BC9CEB8-8B4A-11D0-8D11-00A0C91BC942}") = "Leet-CopyListWithRandomPointer-Medium", "Leet-CopyListWithRandomPointer-Medium\Leet-CopyListWithRandomPointer-Medium.vcxproj", "{55713EDD-51C4-41FB-B30A-EF7D5498B0DA}"
EndProject
Project("{8BC9CEB8-8B4A-11D0-8D11-00A0C91BC942}") = "Leet-LongestPalindromicSubstring-Medium", "Leet-LongestPalindromicSubstring-Medium\Leet-LongestPalindromicSubstring-Medium.vcxproj", "{DB9876CC-B976-41E6-B0D4-90B34BB59BD3}"
EndProject
Project("{8BC9CEB8-8B4A-11D0-8D11-00A0C91BC942}") = "Leet-KClosestPointsToOrigin-Medium", "Leet-KClosestPointsToOrigin-Medium\Leet-KClosestPointsToOrigin-Medium.vcxproj", "{99284FF5-D82C-431A-B655-F77EDA27C41B}"
EndProject
Project("{8BC9CEB8-8B4A-11D0-8D11-00A0C91BC942}") = "Leet-LRUCache-Medium", "Leet-LRUCache-Medium\Leet-LRUCache-Medium.vcxproj", "{4E91978C-1891-486D-816D-356F26F81488}"
EndProject
Project("{8BC9CEB8-8B4A-11D0-8D11-00A0C91BC942}") = "Leet-SubtreeOfAnotherTree-Easy", "Leet-SubtreeOfAnotherTree-Easy\Leet-SubtreeOfAnotherTree-Easy.vcxproj", "{CFFA66A3-3C2B-4C81-9526-495E92D373DA}"
EndProject
Global
	GlobalSection(SolutionConfigurationPlatforms) = preSolution
		Debug|Any CPU = Debug|Any CPU
		Debug|x64 = Debug|x64
		Debug|x86 = Debug|x86
		Release|Any CPU = Release|Any CPU
		Release|x64 = Release|x64
		Release|x86 = Release|x86
	EndGlobalSection
	GlobalSection(ProjectConfigurationPlatforms) = postSolution
		{98F6AE06-46D8-46D2-8E59-4A4A131C604B}.Debug|Any CPU.ActiveCfg = Debug|Win32
		{98F6AE06-46D8-46D2-8E59-4A4A131C604B}.Debug|x64.ActiveCfg = Debug|x64
		{98F6AE06-46D8-46D2-8E59-4A4A131C604B}.Debug|x64.Build.0 = Debug|x64
		{98F6AE06-46D8-46D2-8E59-4A4A131C604B}.Debug|x86.ActiveCfg = Debug|Win32
		{98F6AE06-46D8-46D2-8E59-4A4A131C604B}.Debug|x86.Build.0 = Debug|Win32
		{98F6AE06-46D8-46D2-8E59-4A4A131C604B}.Release|Any CPU.ActiveCfg = Release|Win32
		{98F6AE06-46D8-46D2-8E59-4A4A131C604B}.Release|x64.ActiveCfg = Release|x64
		{98F6AE06-46D8-46D2-8E59-4A4A131C604B}.Release|x64.Build.0 = Release|x64
		{98F6AE06-46D8-46D2-8E59-4A4A131C604B}.Release|x86.ActiveCfg = Release|Win32
		{98F6AE06-46D8-46D2-8E59-4A4A131C604B}.Release|x86.Build.0 = Release|Win32
		{AE3D931C-642D-4D48-8197-6839BEB8B924}.Debug|Any CPU.ActiveCfg = Debug|Win32
		{AE3D931C-642D-4D48-8197-6839BEB8B924}.Debug|x64.ActiveCfg = Debug|x64
		{AE3D931C-642D-4D48-8197-6839BEB8B924}.Debug|x64.Build.0 = Debug|x64
		{AE3D931C-642D-4D48-8197-6839BEB8B924}.Debug|x86.ActiveCfg = Debug|Win32
		{AE3D931C-642D-4D48-8197-6839BEB8B924}.Debug|x86.Build.0 = Debug|Win32
		{AE3D931C-642D-4D48-8197-6839BEB8B924}.Release|Any CPU.ActiveCfg = Release|Win32
		{AE3D931C-642D-4D48-8197-6839BEB8B924}.Release|x64.ActiveCfg = Release|x64
		{AE3D931C-642D-4D48-8197-6839BEB8B924}.Release|x64.Build.0 = Release|x64
		{AE3D931C-642D-4D48-8197-6839BEB8B924}.Release|x86.ActiveCfg = Release|Win32
		{AE3D931C-642D-4D48-8197-6839BEB8B924}.Release|x86.Build.0 = Release|Win32
		{D576F7BE-FC9A-4EC3-97CD-7B1A9D683CEF}.Debug|Any CPU.ActiveCfg = Debug|Win32
		{D576F7BE-FC9A-4EC3-97CD-7B1A9D683CEF}.Debug|x64.ActiveCfg = Debug|x64
		{D576F7BE-FC9A-4EC3-97CD-7B1A9D683CEF}.Debug|x64.Build.0 = Debug|x64
		{D576F7BE-FC9A-4EC3-97CD-7B1A9D683CEF}.Debug|x86.ActiveCfg = Debug|Win32
		{D576F7BE-FC9A-4EC3-97CD-7B1A9D683CEF}.Debug|x86.Build.0 = Debug|Win32
		{D576F7BE-FC9A-4EC3-97CD-7B1A9D683CEF}.Release|Any CPU.ActiveCfg = Release|Win32
		{D576F7BE-FC9A-4EC3-97CD-7B1A9D683CEF}.Release|x64.ActiveCfg = Release|x64
		{D576F7BE-FC9A-4EC3-97CD-7B1A9D683CEF}.Release|x64.Build.0 = Release|x64
		{D576F7BE-FC9A-4EC3-97CD-7B1A9D683CEF}.Release|x86.ActiveCfg = Release|Win32
		{D576F7BE-FC9A-4EC3-97CD-7B1A9D683CEF}.Release|x86.Build.0 = Release|Win32
		{3DDFF214-C88D-45AE-AED7-DB37E38A0EA9}.Debug|Any CPU.ActiveCfg = Debug|Win32
		{3DDFF214-C88D-45AE-AED7-DB37E38A0EA9}.Debug|x64.ActiveCfg = Debug|x64
		{3DDFF214-C88D-45AE-AED7-DB37E38A0EA9}.Debug|x64.Build.0 = Debug|x64
		{3DDFF214-C88D-45AE-AED7-DB37E38A0EA9}.Debug|x86.ActiveCfg = Debug|Win32
		{3DDFF214-C88D-45AE-AED7-DB37E38A0EA9}.Debug|x86.Build.0 = Debug|Win32
		{3DDFF214-C88D-45AE-AED7-DB37E38A0EA9}.Release|Any CPU.ActiveCfg = Release|Win32
		{3DDFF214-C88D-45AE-AED7-DB37E38A0EA9}.Release|x64.ActiveCfg = Release|x64
		{3DDFF214-C88D-45AE-AED7-DB37E38A0EA9}.Release|x64.Build.0 = Release|x64
		{3DDFF214-C88D-45AE-AED7-DB37E38A0EA9}.Release|x86.ActiveCfg = Release|Win32
		{3DDFF214-C88D-45AE-AED7-DB37E38A0EA9}.Release|x86.Build.0 = Release|Win32
		{5A8A3C26-6820-4F1C-864F-1E8E01981BC8}.Debug|Any CPU.ActiveCfg = Debug|Win32
		{5A8A3C26-6820-4F1C-864F-1E8E01981BC8}.Debug|x64.ActiveCfg = Debug|x64
		{5A8A3C26-6820-4F1C-864F-1E8E01981BC8}.Debug|x64.Build.0 = Debug|x64
		{5A8A3C26-6820-4F1C-864F-1E8E01981BC8}.Debug|x86.ActiveCfg = Debug|Win32
		{5A8A3C26-6820-4F1C-864F-1E8E01981BC8}.Debug|x86.Build.0 = Debug|Win32
		{5A8A3C26-6820-4F1C-864F-1E8E01981BC8}.Release|Any CPU.ActiveCfg = Release|Win32
		{5A8A3C26-6820-4F1C-864F-1E8E01981BC8}.Release|x64.ActiveCfg = Release|x64
		{5A8A3C26-6820-4F1C-864F-1E8E01981BC8}.Release|x64.Build.0 = Release|x64
		{5A8A3C26-6820-4F1C-864F-1E8E01981BC8}.Release|x86.ActiveCfg = Release|Win32
		{5A8A3C26-6820-4F1C-864F-1E8E01981BC8}.Release|x86.Build.0 = Release|Win32
		{3EC67462-17E7-49F5-8599-AD0C1100090C}.Debug|Any CPU.ActiveCfg = Debug|Win32
		{3EC67462-17E7-49F5-8599-AD0C1100090C}.Debug|x64.ActiveCfg = Debug|x64
		{3EC67462-17E7-49F5-8599-AD0C1100090C}.Debug|x64.Build.0 = Debug|x64
		{3EC67462-17E7-49F5-8599-AD0C1100090C}.Debug|x86.ActiveCfg = Debug|Win32
		{3EC67462-17E7-49F5-8599-AD0C1100090C}.Debug|x86.Build.0 = Debug|Win32
		{3EC67462-17E7-49F5-8599-AD0C1100090C}.Release|Any CPU.ActiveCfg = Release|Win32
		{3EC67462-17E7-49F5-8599-AD0C1100090C}.Release|x64.ActiveCfg = Release|x64
		{3EC67462-17E7-49F5-8599-AD0C1100090C}.Release|x64.Build.0 = Release|x64
		{3EC67462-17E7-49F5-8599-AD0C1100090C}.Release|x86.ActiveCfg = Release|Win32
		{3EC67462-17E7-49F5-8599-AD0C1100090C}.Release|x86.Build.0 = Release|Win32
		{D25B4742-26D8-485A-AD70-100F8CD693DB}.Debug|Any CPU.ActiveCfg = Debug|Win32
		{D25B4742-26D8-485A-AD70-100F8CD693DB}.Debug|x64.ActiveCfg = Debug|x64
		{D25B4742-26D8-485A-AD70-100F8CD693DB}.Debug|x64.Build.0 = Debug|x64
		{D25B4742-26D8-485A-AD70-100F8CD693DB}.Debug|x86.ActiveCfg = Debug|Win32
		{D25B4742-26D8-485A-AD70-100F8CD693DB}.Debug|x86.Build.0 = Debug|Win32
		{D25B4742-26D8-485A-AD70-100F8CD693DB}.Release|Any CPU.ActiveCfg = Release|Win32
		{D25B4742-26D8-485A-AD70-100F8CD693DB}.Release|x64.ActiveCfg = Release|x64
		{D25B4742-26D8-485A-AD70-100F8CD693DB}.Release|x64.Build.0 = Release|x64
		{D25B4742-26D8-485A-AD70-100F8CD693DB}.Release|x86.ActiveCfg = Release|Win32
		{D25B4742-26D8-485A-AD70-100F8CD693DB}.Release|x86.Build.0 = Release|Win32
		{206F2070-2732-488C-AD78-A60A28141D53}.Debug|Any CPU.ActiveCfg = Debug|Win32
		{206F2070-2732-488C-AD78-A60A28141D53}.Debug|x64.ActiveCfg = Debug|x64
		{206F2070-2732-488C-AD78-A60A28141D53}.Debug|x64.Build.0 = Debug|x64
		{206F2070-2732-488C-AD78-A60A28141D53}.Debug|x86.ActiveCfg = Debug|Win32
		{206F2070-2732-488C-AD78-A60A28141D53}.Debug|x86.Build.0 = Debug|Win32
		{206F2070-2732-488C-AD78-A60A28141D53}.Release|Any CPU.ActiveCfg = Release|Win32
		{206F2070-2732-488C-AD78-A60A28141D53}.Release|x64.ActiveCfg = Release|x64
		{206F2070-2732-488C-AD78-A60A28141D53}.Release|x64.Build.0 = Release|x64
		{206F2070-2732-488C-AD78-A60A28141D53}.Release|x86.ActiveCfg = Release|Win32
		{206F2070-2732-488C-AD78-A60A28141D53}.Release|x86.Build.0 = Release|Win32
		{CAD8B3D2-A69E-4EAD-80F6-2E75A0320851}.Debug|Any CPU.ActiveCfg = Debug|Win32
		{CAD8B3D2-A69E-4EAD-80F6-2E75A0320851}.Debug|x64.ActiveCfg = Debug|x64
		{CAD8B3D2-A69E-4EAD-80F6-2E75A0320851}.Debug|x64.Build.0 = Debug|x64
		{CAD8B3D2-A69E-4EAD-80F6-2E75A0320851}.Debug|x86.ActiveCfg = Debug|Win32
		{CAD8B3D2-A69E-4EAD-80F6-2E75A0320851}.Debug|x86.Build.0 = Debug|Win32
		{CAD8B3D2-A69E-4EAD-80F6-2E75A0320851}.Release|Any CPU.ActiveCfg = Release|Win32
		{CAD8B3D2-A69E-4EAD-80F6-2E75A0320851}.Release|x64.ActiveCfg = Release|x64
		{CAD8B3D2-A69E-4EAD-80F6-2E75A0320851}.Release|x64.Build.0 = Release|x64
		{CAD8B3D2-A69E-4EAD-80F6-2E75A0320851}.Release|x86.ActiveCfg = Release|Win32
		{CAD8B3D2-A69E-4EAD-80F6-2E75A0320851}.Release|x86.Build.0 = Release|Win32
		{D42C1003-30C8-44FF-A5F4-CEBF26C8A62B}.Debug|Any CPU.ActiveCfg = Debug|Win32
		{D42C1003-30C8-44FF-A5F4-CEBF26C8A62B}.Debug|x64.ActiveCfg = Debug|x64
		{D42C1003-30C8-44FF-A5F4-CEBF26C8A62B}.Debug|x64.Build.0 = Debug|x64
		{D42C1003-30C8-44FF-A5F4-CEBF26C8A62B}.Debug|x86.ActiveCfg = Debug|Win32
		{D42C1003-30C8-44FF-A5F4-CEBF26C8A62B}.Debug|x86.Build.0 = Debug|Win32
		{D42C1003-30C8-44FF-A5F4-CEBF26C8A62B}.Release|Any CPU.ActiveCfg = Release|Win32
		{D42C1003-30C8-44FF-A5F4-CEBF26C8A62B}.Release|x64.ActiveCfg = Release|x64
		{D42C1003-30C8-44FF-A5F4-CEBF26C8A62B}.Release|x64.Build.0 = Release|x64
		{D42C1003-30C8-44FF-A5F4-CEBF26C8A62B}.Release|x86.ActiveCfg = Release|Win32
		{D42C1003-30C8-44FF-A5F4-CEBF26C8A62B}.Release|x86.Build.0 = Release|Win32
		{13968ED8-AFB3-469B-97BA-9A5CC8F154C5}.Debug|Any CPU.ActiveCfg = Debug|Win32
		{13968ED8-AFB3-469B-97BA-9A5CC8F154C5}.Debug|x64.ActiveCfg = Debug|x64
		{13968ED8-AFB3-469B-97BA-9A5CC8F154C5}.Debug|x64.Build.0 = Debug|x64
		{13968ED8-AFB3-469B-97BA-9A5CC8F154C5}.Debug|x86.ActiveCfg = Debug|Win32
		{13968ED8-AFB3-469B-97BA-9A5CC8F154C5}.Debug|x86.Build.0 = Debug|Win32
		{13968ED8-AFB3-469B-97BA-9A5CC8F154C5}.Release|Any CPU.ActiveCfg = Release|Win32
		{13968ED8-AFB3-469B-97BA-9A5CC8F154C5}.Release|x64.ActiveCfg = Release|x64
		{13968ED8-AFB3-469B-97BA-9A5CC8F154C5}.Release|x64.Build.0 = Release|x64
		{13968ED8-AFB3-469B-97BA-9A5CC8F154C5}.Release|x86.ActiveCfg = Release|Win32
		{13968ED8-AFB3-469B-97BA-9A5CC8F154C5}.Release|x86.Build.0 = Release|Win32
		{70897064-5131-4748-8306-BA3E73DA53D7}.Debug|Any CPU.ActiveCfg = Debug|Win32
		{70897064-5131-4748-8306-BA3E73DA53D7}.Debug|x64.ActiveCfg = Debug|x64
		{70897064-5131-4748-8306-BA3E73DA53D7}.Debug|x64.Build.0 = Debug|x64
		{70897064-5131-4748-8306-BA3E73DA53D7}.Debug|x86.ActiveCfg = Debug|Win32
		{70897064-5131-4748-8306-BA3E73DA53D7}.Debug|x86.Build.0 = Debug|Win32
		{70897064-5131-4748-8306-BA3E73DA53D7}.Release|Any CPU.ActiveCfg = Release|Win32
		{70897064-5131-4748-8306-BA3E73DA53D7}.Release|x64.ActiveCfg = Release|x64
		{70897064-5131-4748-8306-BA3E73DA53D7}.Release|x64.Build.0 = Release|x64
		{70897064-5131-4748-8306-BA3E73DA53D7}.Release|x86.ActiveCfg = Release|Win32
		{70897064-5131-4748-8306-BA3E73DA53D7}.Release|x86.Build.0 = Release|Win32
		{D0E52D67-8483-4969-AB93-E1A33C395E8E}.Debug|Any CPU.ActiveCfg = Debug|Win32
		{D0E52D67-8483-4969-AB93-E1A33C395E8E}.Debug|x64.ActiveCfg = Debug|x64
		{D0E52D67-8483-4969-AB93-E1A33C395E8E}.Debug|x64.Build.0 = Debug|x64
		{D0E52D67-8483-4969-AB93-E1A33C395E8E}.Debug|x86.ActiveCfg = Debug|Win32
		{D0E52D67-8483-4969-AB93-E1A33C395E8E}.Debug|x86.Build.0 = Debug|Win32
		{D0E52D67-8483-4969-AB93-E1A33C395E8E}.Release|Any CPU.ActiveCfg = Release|Win32
		{D0E52D67-8483-4969-AB93-E1A33C395E8E}.Release|x64.ActiveCfg = Release|x64
		{D0E52D67-8483-4969-AB93-E1A33C395E8E}.Release|x64.Build.0 = Release|x64
		{D0E52D67-8483-4969-AB93-E1A33C395E8E}.Release|x86.ActiveCfg = Release|Win32
		{D0E52D67-8483-4969-AB93-E1A33C395E8E}.Release|x86.Build.0 = Release|Win32
		{067A83A0-83C2-4364-BACE-B06A17037623}.Debug|Any CPU.ActiveCfg = Debug|Win32
		{067A83A0-83C2-4364-BACE-B06A17037623}.Debug|x64.ActiveCfg = Debug|x64
		{067A83A0-83C2-4364-BACE-B06A17037623}.Debug|x64.Build.0 = Debug|x64
		{067A83A0-83C2-4364-BACE-B06A17037623}.Debug|x86.ActiveCfg = Debug|Win32
		{067A83A0-83C2-4364-BACE-B06A17037623}.Debug|x86.Build.0 = Debug|Win32
		{067A83A0-83C2-4364-BACE-B06A17037623}.Release|Any CPU.ActiveCfg = Release|Win32
		{067A83A0-83C2-4364-BACE-B06A17037623}.Release|x64.ActiveCfg = Release|x64
		{067A83A0-83C2-4364-BACE-B06A17037623}.Release|x64.Build.0 = Release|x64
		{067A83A0-83C2-4364-BACE-B06A17037623}.Release|x86.ActiveCfg = Release|Win32
		{067A83A0-83C2-4364-BACE-B06A17037623}.Release|x86.Build.0 = Release|Win32
		{FB2FF3CC-C041-44FB-8638-86B1F8EB1167}.Debug|Any CPU.ActiveCfg = Debug|Win32
		{FB2FF3CC-C041-44FB-8638-86B1F8EB1167}.Debug|x64.ActiveCfg = Debug|x64
		{FB2FF3CC-C041-44FB-8638-86B1F8EB1167}.Debug|x64.Build.0 = Debug|x64
		{FB2FF3CC-C041-44FB-8638-86B1F8EB1167}.Debug|x86.ActiveCfg = Debug|Win32
		{FB2FF3CC-C041-44FB-8638-86B1F8EB1167}.Debug|x86.Build.0 = Debug|Win32
		{FB2FF3CC-C041-44FB-8638-86B1F8EB1167}.Release|Any CPU.ActiveCfg = Release|Win32
		{FB2FF3CC-C041-44FB-8638-86B1F8EB1167}.Release|x64.ActiveCfg = Release|x64
		{FB2FF3CC-C041-44FB-8638-86B1F8EB1167}.Release|x64.Build.0 = Release|x64
		{FB2FF3CC-C041-44FB-8638-86B1F8EB1167}.Release|x86.ActiveCfg = Release|Win32
		{FB2FF3CC-C041-44FB-8638-86B1F8EB1167}.Release|x86.Build.0 = Release|Win32
		{9E91796E-1F98-4F1D-B8A3-A2B8A621D492}.Debug|Any CPU.ActiveCfg = Debug|Win32
		{9E91796E-1F98-4F1D-B8A3-A2B8A621D492}.Debug|x64.ActiveCfg = Debug|x64
		{9E91796E-1F98-4F1D-B8A3-A2B8A621D492}.Debug|x64.Build.0 = Debug|x64
		{9E91796E-1F98-4F1D-B8A3-A2B8A621D492}.Debug|x86.ActiveCfg = Debug|Win32
		{9E91796E-1F98-4F1D-B8A3-A2B8A621D492}.Debug|x86.Build.0 = Debug|Win32
		{9E91796E-1F98-4F1D-B8A3-A2B8A621D492}.Release|Any CPU.ActiveCfg = Release|Win32
		{9E91796E-1F98-4F1D-B8A3-A2B8A621D492}.Release|x64.ActiveCfg = Release|x64
		{9E91796E-1F98-4F1D-B8A3-A2B8A621D492}.Release|x64.Build.0 = Release|x64
		{9E91796E-1F98-4F1D-B8A3-A2B8A621D492}.Release|x86.ActiveCfg = Release|Win32
		{9E91796E-1F98-4F1D-B8A3-A2B8A621D492}.Release|x86.Build.0 = Release|Win32
		{0A83B534-C26E-400F-A8A9-4AD1C4E19155}.Debug|Any CPU.ActiveCfg = Debug|Win32
		{0A83B534-C26E-400F-A8A9-4AD1C4E19155}.Debug|x64.ActiveCfg = Debug|x64
		{0A83B534-C26E-400F-A8A9-4AD1C4E19155}.Debug|x64.Build.0 = Debug|x64
		{0A83B534-C26E-400F-A8A9-4AD1C4E19155}.Debug|x86.ActiveCfg = Debug|Win32
		{0A83B534-C26E-400F-A8A9-4AD1C4E19155}.Debug|x86.Build.0 = Debug|Win32
		{0A83B534-C26E-400F-A8A9-4AD1C4E19155}.Release|Any CPU.ActiveCfg = Release|Win32
		{0A83B534-C26E-400F-A8A9-4AD1C4E19155}.Release|x64.ActiveCfg = Release|x64
		{0A83B534-C26E-400F-A8A9-4AD1C4E19155}.Release|x64.Build.0 = Release|x64
		{0A83B534-C26E-400F-A8A9-4AD1C4E19155}.Release|x86.ActiveCfg = Release|Win32
		{0A83B534-C26E-400F-A8A9-4AD1C4E19155}.Release|x86.Build.0 = Release|Win32
		{620CE7E3-682F-4E18-B341-8B37334E056B}.Debug|Any CPU.ActiveCfg = Debug|Win32
		{620CE7E3-682F-4E18-B341-8B37334E056B}.Debug|x64.ActiveCfg = Debug|x64
		{620CE7E3-682F-4E18-B341-8B37334E056B}.Debug|x64.Build.0 = Debug|x64
		{620CE7E3-682F-4E18-B341-8B37334E056B}.Debug|x86.ActiveCfg = Debug|Win32
		{620CE7E3-682F-4E18-B341-8B37334E056B}.Debug|x86.Build.0 = Debug|Win32
		{620CE7E3-682F-4E18-B341-8B37334E056B}.Release|Any CPU.ActiveCfg = Release|Win32
		{620CE7E3-682F-4E18-B341-8B37334E056B}.Release|x64.ActiveCfg = Release|x64
		{620CE7E3-682F-4E18-B341-8B37334E056B}.Release|x64.Build.0 = Release|x64
		{620CE7E3-682F-4E18-B341-8B37334E056B}.Release|x86.ActiveCfg = Release|Win32
		{620CE7E3-682F-4E18-B341-8B37334E056B}.Release|x86.Build.0 = Release|Win32
		{5741DA95-744E-4B4B-A656-A92E12225B38}.Debug|Any CPU.ActiveCfg = Debug|Win32
		{5741DA95-744E-4B4B-A656-A92E12225B38}.Debug|x64.ActiveCfg = Debug|x64
		{5741DA95-744E-4B4B-A656-A92E12225B38}.Debug|x64.Build.0 = Debug|x64
		{5741DA95-744E-4B4B-A656-A92E12225B38}.Debug|x86.ActiveCfg = Debug|Win32
		{5741DA95-744E-4B4B-A656-A92E12225B38}.Debug|x86.Build.0 = Debug|Win32
		{5741DA95-744E-4B4B-A656-A92E12225B38}.Release|Any CPU.ActiveCfg = Release|Win32
		{5741DA95-744E-4B4B-A656-A92E12225B38}.Release|x64.ActiveCfg = Release|x64
		{5741DA95-744E-4B4B-A656-A92E12225B38}.Release|x64.Build.0 = Release|x64
		{5741DA95-744E-4B4B-A656-A92E12225B38}.Release|x86.ActiveCfg = Release|Win32
		{5741DA95-744E-4B4B-A656-A92E12225B38}.Release|x86.Build.0 = Release|Win32
		{8EB4B3F7-87C8-4DB8-A8A7-27202B874445}.Debug|Any CPU.ActiveCfg = Debug|Win32
		{8EB4B3F7-87C8-4DB8-A8A7-27202B874445}.Debug|x64.ActiveCfg = Debug|x64
		{8EB4B3F7-87C8-4DB8-A8A7-27202B874445}.Debug|x64.Build.0 = Debug|x64
		{8EB4B3F7-87C8-4DB8-A8A7-27202B874445}.Debug|x86.ActiveCfg = Debug|Win32
		{8EB4B3F7-87C8-4DB8-A8A7-27202B874445}.Debug|x86.Build.0 = Debug|Win32
		{8EB4B3F7-87C8-4DB8-A8A7-27202B874445}.Release|Any CPU.ActiveCfg = Release|Win32
		{8EB4B3F7-87C8-4DB8-A8A7-27202B874445}.Release|x64.ActiveCfg = Release|x64
		{8EB4B3F7-87C8-4DB8-A8A7-27202B874445}.Release|x64.Build.0 = Release|x64
		{8EB4B3F7-87C8-4DB8-A8A7-27202B874445}.Release|x86.ActiveCfg = Release|Win32
		{8EB4B3F7-87C8-4DB8-A8A7-27202B874445}.Release|x86.Build.0 = Release|Win32
		{B13981B5-D4EE-499E-B752-3F8FDBDEB809}.Debug|Any CPU.ActiveCfg = Debug|Win32
		{B13981B5-D4EE-499E-B752-3F8FDBDEB809}.Debug|x64.ActiveCfg = Debug|x64
		{B13981B5-D4EE-499E-B752-3F8FDBDEB809}.Debug|x64.Build.0 = Debug|x64
		{B13981B5-D4EE-499E-B752-3F8FDBDEB809}.Debug|x86.ActiveCfg = Debug|Win32
		{B13981B5-D4EE-499E-B752-3F8FDBDEB809}.Debug|x86.Build.0 = Debug|Win32
		{B13981B5-D4EE-499E-B752-3F8FDBDEB809}.Release|Any CPU.ActiveCfg = Release|Win32
		{B13981B5-D4EE-499E-B752-3F8FDBDEB809}.Release|x64.ActiveCfg = Release|x64
		{B13981B5-D4EE-499E-B752-3F8FDBDEB809}.Release|x64.Build.0 = Release|x64
		{B13981B5-D4EE-499E-B752-3F8FDBDEB809}.Release|x86.ActiveCfg = Release|Win32
		{B13981B5-D4EE-499E-B752-3F8FDBDEB809}.Release|x86.Build.0 = Release|Win32
		{3241B83F-E0E0-49A8-9F33-225B7D50B4E4}.Debug|Any CPU.ActiveCfg = Debug|Win32
		{3241B83F-E0E0-49A8-9F33-225B7D50B4E4}.Debug|x64.ActiveCfg = Debug|x64
		{3241B83F-E0E0-49A8-9F33-225B7D50B4E4}.Debug|x64.Build.0 = Debug|x64
		{3241B83F-E0E0-49A8-9F33-225B7D50B4E4}.Debug|x86.ActiveCfg = Debug|Win32
		{3241B83F-E0E0-49A8-9F33-225B7D50B4E4}.Debug|x86.Build.0 = Debug|Win32
		{3241B83F-E0E0-49A8-9F33-225B7D50B4E4}.Release|Any CPU.ActiveCfg = Release|Win32
		{3241B83F-E0E0-49A8-9F33-225B7D50B4E4}.Release|x64.ActiveCfg = Release|x64
		{3241B83F-E0E0-49A8-9F33-225B7D50B4E4}.Release|x64.Build.0 = Release|x64
		{3241B83F-E0E0-49A8-9F33-225B7D50B4E4}.Release|x86.ActiveCfg = Release|Win32
		{3241B83F-E0E0-49A8-9F33-225B7D50B4E4}.Release|x86.Build.0 = Release|Win32
		{A402FD78-975D-42E8-A1DF-17712863B00D}.Debug|Any CPU.ActiveCfg = Debug|Win32
		{A402FD78-975D-42E8-A1DF-17712863B00D}.Debug|x64.ActiveCfg = Debug|x64
		{A402FD78-975D-42E8-A1DF-17712863B00D}.Debug|x64.Build.0 = Debug|x64
		{A402FD78-975D-42E8-A1DF-17712863B00D}.Debug|x86.ActiveCfg = Debug|Win32
		{A402FD78-975D-42E8-A1DF-17712863B00D}.Debug|x86.Build.0 = Debug|Win32
		{A402FD78-975D-42E8-A1DF-17712863B00D}.Release|Any CPU.ActiveCfg = Release|Win32
		{A402FD78-975D-42E8-A1DF-17712863B00D}.Release|x64.ActiveCfg = Release|x64
		{A402FD78-975D-42E8-A1DF-17712863B00D}.Release|x64.Build.0 = Release|x64
		{A402FD78-975D-42E8-A1DF-17712863B00D}.Release|x86.ActiveCfg = Release|Win32
		{A402FD78-975D-42E8-A1DF-17712863B00D}.Release|x86.Build.0 = Release|Win32
		{B92D065A-420B-42D6-8586-1ADDD6D79F5A}.Debug|Any CPU.ActiveCfg = Debug|Win32
		{B92D065A-420B-42D6-8586-1ADDD6D79F5A}.Debug|x64.ActiveCfg = Debug|x64
		{B92D065A-420B-42D6-8586-1ADDD6D79F5A}.Debug|x64.Build.0 = Debug|x64
		{B92D065A-420B-42D6-8586-1ADDD6D79F5A}.Debug|x86.ActiveCfg = Debug|Win32
		{B92D065A-420B-42D6-8586-1ADDD6D79F5A}.Debug|x86.Build.0 = Debug|Win32
		{B92D065A-420B-42D6-8586-1ADDD6D79F5A}.Release|Any CPU.ActiveCfg = Release|Win32
		{B92D065A-420B-42D6-8586-1ADDD6D79F5A}.Release|x64.ActiveCfg = Release|x64
		{B92D065A-420B-42D6-8586-1ADDD6D79F5A}.Release|x64.Build.0 = Release|x64
		{B92D065A-420B-42D6-8586-1ADDD6D79F5A}.Release|x86.ActiveCfg = Release|Win32
		{B92D065A-420B-42D6-8586-1ADDD6D79F5A}.Release|x86.Build.0 = Release|Win32
		{B5CF7814-00E0-4B29-9C63-DACAC5A5C99D}.Debug|Any CPU.ActiveCfg = Debug|Win32
		{B5CF7814-00E0-4B29-9C63-DACAC5A5C99D}.Debug|x64.ActiveCfg = Debug|x64
		{B5CF7814-00E0-4B29-9C63-DACAC5A5C99D}.Debug|x64.Build.0 = Debug|x64
		{B5CF7814-00E0-4B29-9C63-DACAC5A5C99D}.Debug|x86.ActiveCfg = Debug|Win32
		{B5CF7814-00E0-4B29-9C63-DACAC5A5C99D}.Debug|x86.Build.0 = Debug|Win32
		{B5CF7814-00E0-4B29-9C63-DACAC5A5C99D}.Release|Any CPU.ActiveCfg = Release|Win32
		{B5CF7814-00E0-4B29-9C63-DACAC5A5C99D}.Release|x64.ActiveCfg = Release|x64
		{B5CF7814-00E0-4B29-9C63-DACAC5A5C99D}.Release|x64.Build.0 = Release|x64
		{B5CF7814-00E0-4B29-9C63-DACAC5A5C99D}.Release|x86.ActiveCfg = Release|Win32
		{B5CF7814-00E0-4B29-9C63-DACAC5A5C99D}.Release|x86.Build.0 = Release|Win32
		{77B8480E-16F6-460B-A15B-3B163B939461}.Debug|Any CPU.ActiveCfg = Debug|Win32
		{77B8480E-16F6-460B-A15B-3B163B939461}.Debug|x64.ActiveCfg = Debug|x64
		{77B8480E-16F6-460B-A15B-3B163B939461}.Debug|x64.Build.0 = Debug|x64
		{77B8480E-16F6-460B-A15B-3B163B939461}.Debug|x86.ActiveCfg = Debug|Win32
		{77B8480E-16F6-460B-A15B-3B163B939461}.Debug|x86.Build.0 = Debug|Win32
		{77B8480E-16F6-460B-A15B-3B163B939461}.Release|Any CPU.ActiveCfg = Release|Win32
		{77B8480E-16F6-460B-A15B-3B163B939461}.Release|x64.ActiveCfg = Release|x64
		{77B8480E-16F6-460B-A15B-3B163B939461}.Release|x64.Build.0 = Release|x64
		{77B8480E-16F6-460B-A15B-3B163B939461}.Release|x86.ActiveCfg = Release|Win32
		{77B8480E-16F6-460B-A15B-3B163B939461}.Release|x86.Build.0 = Release|Win32
		{7693B532-03C5-4544-825C-33E33F17AF66}.Debug|Any CPU.ActiveCfg = Debug|Win32
		{7693B532-03C5-4544-825C-33E33F17AF66}.Debug|x64.ActiveCfg = Debug|x64
		{7693B532-03C5-4544-825C-33E33F17AF66}.Debug|x64.Build.0 = Debug|x64
		{7693B532-03C5-4544-825C-33E33F17AF66}.Debug|x86.ActiveCfg = Debug|Win32
		{7693B532-03C5-4544-825C-33E33F17AF66}.Debug|x86.Build.0 = Debug|Win32
		{7693B532-03C5-4544-825C-33E33F17AF66}.Release|Any CPU.ActiveCfg = Release|Win32
		{7693B532-03C5-4544-825C-33E33F17AF66}.Release|x64.ActiveCfg = Release|x64
		{7693B532-03C5-4544-825C-33E33F17AF66}.Release|x64.Build.0 = Release|x64
		{7693B532-03C5-4544-825C-33E33F17AF66}.Release|x86.ActiveCfg = Release|Win32
		{7693B532-03C5-4544-825C-33E33F17AF66}.Release|x86.Build.0 = Release|Win32
		{3D98098A-45AB-4B4C-8AC8-B29A924D4209}.Debug|Any CPU.ActiveCfg = Debug|Win32
		{3D98098A-45AB-4B4C-8AC8-B29A924D4209}.Debug|x64.ActiveCfg = Debug|x64
		{3D98098A-45AB-4B4C-8AC8-B29A924D4209}.Debug|x64.Build.0 = Debug|x64
		{3D98098A-45AB-4B4C-8AC8-B29A924D4209}.Debug|x86.ActiveCfg = Debug|Win32
		{3D98098A-45AB-4B4C-8AC8-B29A924D4209}.Debug|x86.Build.0 = Debug|Win32
		{3D98098A-45AB-4B4C-8AC8-B29A924D4209}.Release|Any CPU.ActiveCfg = Release|Win32
		{3D98098A-45AB-4B4C-8AC8-B29A924D4209}.Release|x64.ActiveCfg = Release|x64
		{3D98098A-45AB-4B4C-8AC8-B29A924D4209}.Release|x64.Build.0 = Release|x64
		{3D98098A-45AB-4B4C-8AC8-B29A924D4209}.Release|x86.ActiveCfg = Release|Win32
		{3D98098A-45AB-4B4C-8AC8-B29A924D4209}.Release|x86.Build.0 = Release|Win32
		{E423D76D-D95E-4194-AC17-A7700A331252}.Debug|Any CPU.ActiveCfg = Debug|Win32
		{E423D76D-D95E-4194-AC17-A7700A331252}.Debug|x64.ActiveCfg = Debug|x64
		{E423D76D-D95E-4194-AC17-A7700A331252}.Debug|x64.Build.0 = Debug|x64
		{E423D76D-D95E-4194-AC17-A7700A331252}.Debug|x86.ActiveCfg = Debug|Win32
		{E423D76D-D95E-4194-AC17-A7700A331252}.Debug|x86.Build.0 = Debug|Win32
		{E423D76D-D95E-4194-AC17-A7700A331252}.Release|Any CPU.ActiveCfg = Release|Win32
		{E423D76D-D95E-4194-AC17-A7700A331252}.Release|x64.ActiveCfg = Release|x64
		{E423D76D-D95E-4194-AC17-A7700A331252}.Release|x64.Build.0 = Release|x64
		{E423D76D-D95E-4194-AC17-A7700A331252}.Release|x86.ActiveCfg = Release|Win32
		{E423D76D-D95E-4194-AC17-A7700A331252}.Release|x86.Build.0 = Release|Win32
		{F3E4EF41-5BAB-4055-BBBA-E55D164AB12B}.Debug|Any CPU.ActiveCfg = Debug|Win32
		{F3E4EF41-5BAB-4055-BBBA-E55D164AB12B}.Debug|x64.ActiveCfg = Debug|x64
		{F3E4EF41-5BAB-4055-BBBA-E55D164AB12B}.Debug|x64.Build.0 = Debug|x64
		{F3E4EF41-5BAB-4055-BBBA-E55D164AB12B}.Debug|x86.ActiveCfg = Debug|Win32
		{F3E4EF41-5BAB-4055-BBBA-E55D164AB12B}.Debug|x86.Build.0 = Debug|Win32
		{F3E4EF41-5BAB-4055-BBBA-E55D164AB12B}.Release|Any CPU.ActiveCfg = Release|Win32
		{F3E4EF41-5BAB-4055-BBBA-E55D164AB12B}.Release|x64.ActiveCfg = Release|x64
		{F3E4EF41-5BAB-4055-BBBA-E55D164AB12B}.Release|x64.Build.0 = Release|x64
		{F3E4EF41-5BAB-4055-BBBA-E55D164AB12B}.Release|x86.ActiveCfg = Release|Win32
		{F3E4EF41-5BAB-4055-BBBA-E55D164AB12B}.Release|x86.Build.0 = Release|Win32
		{FE614BB0-3F10-4CFE-ADCF-976B60099E39}.Debug|Any CPU.ActiveCfg = Debug|Win32
		{FE614BB0-3F10-4CFE-ADCF-976B60099E39}.Debug|x64.ActiveCfg = Debug|x64
		{FE614BB0-3F10-4CFE-ADCF-976B60099E39}.Debug|x64.Build.0 = Debug|x64
		{FE614BB0-3F10-4CFE-ADCF-976B60099E39}.Debug|x86.ActiveCfg = Debug|Win32
		{FE614BB0-3F10-4CFE-ADCF-976B60099E39}.Debug|x86.Build.0 = Debug|Win32
		{FE614BB0-3F10-4CFE-ADCF-976B60099E39}.Release|Any CPU.ActiveCfg = Release|Win32
		{FE614BB0-3F10-4CFE-ADCF-976B60099E39}.Release|x64.ActiveCfg = Release|x64
		{FE614BB0-3F10-4CFE-ADCF-976B60099E39}.Release|x64.Build.0 = Release|x64
		{FE614BB0-3F10-4CFE-ADCF-976B60099E39}.Release|x86.ActiveCfg = Release|Win32
		{FE614BB0-3F10-4CFE-ADCF-976B60099E39}.Release|x86.Build.0 = Release|Win32
		{50B9A214-0B5D-4B03-82EE-500DA34DC2F0}.Debug|Any CPU.ActiveCfg = Debug|Win32
		{50B9A214-0B5D-4B03-82EE-500DA34DC2F0}.Debug|x64.ActiveCfg = Debug|x64
		{50B9A214-0B5D-4B03-82EE-500DA34DC2F0}.Debug|x64.Build.0 = Debug|x64
		{50B9A214-0B5D-4B03-82EE-500DA34DC2F0}.Debug|x86.ActiveCfg = Debug|Win32
		{50B9A214-0B5D-4B03-82EE-500DA34DC2F0}.Debug|x86.Build.0 = Debug|Win32
		{50B9A214-0B5D-4B03-82EE-500DA34DC2F0}.Release|Any CPU.ActiveCfg = Release|Win32
		{50B9A214-0B5D-4B03-82EE-500DA34DC2F0}.Release|x64.ActiveCfg = Release|x64
		{50B9A214-0B5D-4B03-82EE-500DA34DC2F0}.Release|x64.Build.0 = Release|x64
		{50B9A214-0B5D-4B03-82EE-500DA34DC2F0}.Release|x86.ActiveCfg = Release|Win32
		{50B9A214-0B5D-4B03-82EE-500DA34DC2F0}.Release|x86.Build.0 = Release|Win32
		{E58BB7E1-2E07-4315-9A98-14954C8B2740}.Debug|Any CPU.ActiveCfg = Debug|Win32
		{E58BB7E1-2E07-4315-9A98-14954C8B2740}.Debug|x64.ActiveCfg = Debug|x64
		{E58BB7E1-2E07-4315-9A98-14954C8B2740}.Debug|x64.Build.0 = Debug|x64
		{E58BB7E1-2E07-4315-9A98-14954C8B2740}.Debug|x86.ActiveCfg = Debug|Win32
		{E58BB7E1-2E07-4315-9A98-14954C8B2740}.Debug|x86.Build.0 = Debug|Win32
		{E58BB7E1-2E07-4315-9A98-14954C8B2740}.Release|Any CPU.ActiveCfg = Release|Win32
		{E58BB7E1-2E07-4315-9A98-14954C8B2740}.Release|x64.ActiveCfg = Release|x64
		{E58BB7E1-2E07-4315-9A98-14954C8B2740}.Release|x64.Build.0 = Release|x64
		{E58BB7E1-2E07-4315-9A98-14954C8B2740}.Release|x86.ActiveCfg = Release|Win32
		{E58BB7E1-2E07-4315-9A98-14954C8B2740}.Release|x86.Build.0 = Release|Win32
		{F7011781-FC3B-4FD6-8EC5-4C12A708BC89}.Debug|Any CPU.ActiveCfg = Debug|Win32
		{F7011781-FC3B-4FD6-8EC5-4C12A708BC89}.Debug|x64.ActiveCfg = Debug|x64
		{F7011781-FC3B-4FD6-8EC5-4C12A708BC89}.Debug|x64.Build.0 = Debug|x64
		{F7011781-FC3B-4FD6-8EC5-4C12A708BC89}.Debug|x86.ActiveCfg = Debug|Win32
		{F7011781-FC3B-4FD6-8EC5-4C12A708BC89}.Debug|x86.Build.0 = Debug|Win32
		{F7011781-FC3B-4FD6-8EC5-4C12A708BC89}.Release|Any CPU.ActiveCfg = Release|Win32
		{F7011781-FC3B-4FD6-8EC5-4C12A708BC89}.Release|x64.ActiveCfg = Release|x64
		{F7011781-FC3B-4FD6-8EC5-4C12A708BC89}.Release|x64.Build.0 = Release|x64
		{F7011781-FC3B-4FD6-8EC5-4C12A708BC89}.Release|x86.ActiveCfg = Release|Win32
		{F7011781-FC3B-4FD6-8EC5-4C12A708BC89}.Release|x86.Build.0 = Release|Win32
		{AA0F94AD-B5C8-422D-9C54-3E2B6720CE6C}.Debug|Any CPU.ActiveCfg = Debug|Win32
		{AA0F94AD-B5C8-422D-9C54-3E2B6720CE6C}.Debug|x64.ActiveCfg = Debug|x64
		{AA0F94AD-B5C8-422D-9C54-3E2B6720CE6C}.Debug|x64.Build.0 = Debug|x64
		{AA0F94AD-B5C8-422D-9C54-3E2B6720CE6C}.Debug|x86.ActiveCfg = Debug|Win32
		{AA0F94AD-B5C8-422D-9C54-3E2B6720CE6C}.Debug|x86.Build.0 = Debug|Win32
		{AA0F94AD-B5C8-422D-9C54-3E2B6720CE6C}.Release|Any CPU.ActiveCfg = Release|Win32
		{AA0F94AD-B5C8-422D-9C54-3E2B6720CE6C}.Release|x64.ActiveCfg = Release|x64
		{AA0F94AD-B5C8-422D-9C54-3E2B6720CE6C}.Release|x64.Build.0 = Release|x64
		{AA0F94AD-B5C8-422D-9C54-3E2B6720CE6C}.Release|x86.ActiveCfg = Release|Win32
		{AA0F94AD-B5C8-422D-9C54-3E2B6720CE6C}.Release|x86.Build.0 = Release|Win32
		{BC07A1BD-0A03-459C-9686-4F724072ED96}.Debug|Any CPU.ActiveCfg = Debug|Win32
		{BC07A1BD-0A03-459C-9686-4F724072ED96}.Debug|x64.ActiveCfg = Debug|x64
		{BC07A1BD-0A03-459C-9686-4F724072ED96}.Debug|x64.Build.0 = Debug|x64
		{BC07A1BD-0A03-459C-9686-4F724072ED96}.Debug|x86.ActiveCfg = Debug|Win32
		{BC07A1BD-0A03-459C-9686-4F724072ED96}.Debug|x86.Build.0 = Debug|Win32
		{BC07A1BD-0A03-459C-9686-4F724072ED96}.Release|Any CPU.ActiveCfg = Release|Win32
		{BC07A1BD-0A03-459C-9686-4F724072ED96}.Release|x64.ActiveCfg = Release|x64
		{BC07A1BD-0A03-459C-9686-4F724072ED96}.Release|x64.Build.0 = Release|x64
		{BC07A1BD-0A03-459C-9686-4F724072ED96}.Release|x86.ActiveCfg = Release|Win32
		{BC07A1BD-0A03-459C-9686-4F724072ED96}.Release|x86.Build.0 = Release|Win32
		{F49830E0-A5A3-4C36-B5C6-096823C430B4}.Debug|Any CPU.ActiveCfg = Debug|Win32
		{F49830E0-A5A3-4C36-B5C6-096823C430B4}.Debug|x64.ActiveCfg = Debug|x64
		{F49830E0-A5A3-4C36-B5C6-096823C430B4}.Debug|x64.Build.0 = Debug|x64
		{F49830E0-A5A3-4C36-B5C6-096823C430B4}.Debug|x86.ActiveCfg = Debug|Win32
		{F49830E0-A5A3-4C36-B5C6-096823C430B4}.Debug|x86.Build.0 = Debug|Win32
		{F49830E0-A5A3-4C36-B5C6-096823C430B4}.Release|Any CPU.ActiveCfg = Release|Win32
		{F49830E0-A5A3-4C36-B5C6-096823C430B4}.Release|x64.ActiveCfg = Release|x64
		{F49830E0-A5A3-4C36-B5C6-096823C430B4}.Release|x64.Build.0 = Release|x64
		{F49830E0-A5A3-4C36-B5C6-096823C430B4}.Release|x86.ActiveCfg = Release|Win32
		{F49830E0-A5A3-4C36-B5C6-096823C430B4}.Release|x86.Build.0 = Release|Win32
		{90E5DEF4-247E-4706-A0A1-DEF15C094F50}.Debug|Any CPU.ActiveCfg = Debug|Win32
		{90E5DEF4-247E-4706-A0A1-DEF15C094F50}.Debug|x64.ActiveCfg = Debug|x64
		{90E5DEF4-247E-4706-A0A1-DEF15C094F50}.Debug|x64.Build.0 = Debug|x64
		{90E5DEF4-247E-4706-A0A1-DEF15C094F50}.Debug|x86.ActiveCfg = Debug|Win32
		{90E5DEF4-247E-4706-A0A1-DEF15C094F50}.Debug|x86.Build.0 = Debug|Win32
		{90E5DEF4-247E-4706-A0A1-DEF15C094F50}.Release|Any CPU.ActiveCfg = Release|Win32
		{90E5DEF4-247E-4706-A0A1-DEF15C094F50}.Release|x64.ActiveCfg = Release|x64
		{90E5DEF4-247E-4706-A0A1-DEF15C094F50}.Release|x64.Build.0 = Release|x64
		{90E5DEF4-247E-4706-A0A1-DEF15C094F50}.Release|x86.ActiveCfg = Release|Win32
		{90E5DEF4-247E-4706-A0A1-DEF15C094F50}.Release|x86.Build.0 = Release|Win32
		{FB5EB395-5CEC-45C9-97A3-8614D896FEC5}.Debug|Any CPU.ActiveCfg = Debug|Win32
		{FB5EB395-5CEC-45C9-97A3-8614D896FEC5}.Debug|x64.ActiveCfg = Debug|x64
		{FB5EB395-5CEC-45C9-97A3-8614D896FEC5}.Debug|x64.Build.0 = Debug|x64
		{FB5EB395-5CEC-45C9-97A3-8614D896FEC5}.Debug|x86.ActiveCfg = Debug|Win32
		{FB5EB395-5CEC-45C9-97A3-8614D896FEC5}.Debug|x86.Build.0 = Debug|Win32
		{FB5EB395-5CEC-45C9-97A3-8614D896FEC5}.Release|Any CPU.ActiveCfg = Release|Win32
		{FB5EB395-5CEC-45C9-97A3-8614D896FEC5}.Release|x64.ActiveCfg = Release|x64
		{FB5EB395-5CEC-45C9-97A3-8614D896FEC5}.Release|x64.Build.0 = Release|x64
		{FB5EB395-5CEC-45C9-97A3-8614D896FEC5}.Release|x86.ActiveCfg = Release|Win32
		{FB5EB395-5CEC-45C9-97A3-8614D896FEC5}.Release|x86.Build.0 = Release|Win32
		{7AE0D1D6-4DA9-48AE-B529-B40AEE3A5509}.Debug|Any CPU.ActiveCfg = Debug|Win32
		{7AE0D1D6-4DA9-48AE-B529-B40AEE3A5509}.Debug|x64.ActiveCfg = Debug|x64
		{7AE0D1D6-4DA9-48AE-B529-B40AEE3A5509}.Debug|x64.Build.0 = Debug|x64
		{7AE0D1D6-4DA9-48AE-B529-B40AEE3A5509}.Debug|x86.ActiveCfg = Debug|Win32
		{7AE0D1D6-4DA9-48AE-B529-B40AEE3A5509}.Debug|x86.Build.0 = Debug|Win32
		{7AE0D1D6-4DA9-48AE-B529-B40AEE3A5509}.Release|Any CPU.ActiveCfg = Release|Win32
		{7AE0D1D6-4DA9-48AE-B529-B40AEE3A5509}.Release|x64.ActiveCfg = Release|x64
		{7AE0D1D6-4DA9-48AE-B529-B40AEE3A5509}.Release|x64.Build.0 = Release|x64
		{7AE0D1D6-4DA9-48AE-B529-B40AEE3A5509}.Release|x86.ActiveCfg = Release|Win32
		{7AE0D1D6-4DA9-48AE-B529-B40AEE3A5509}.Release|x86.Build.0 = Release|Win32
		{CA0FC71F-5F7C-47DB-8816-754B48A6A618}.Debug|Any CPU.ActiveCfg = Debug|Win32
		{CA0FC71F-5F7C-47DB-8816-754B48A6A618}.Debug|x64.ActiveCfg = Debug|x64
		{CA0FC71F-5F7C-47DB-8816-754B48A6A618}.Debug|x64.Build.0 = Debug|x64
		{CA0FC71F-5F7C-47DB-8816-754B48A6A618}.Debug|x86.ActiveCfg = Debug|Win32
		{CA0FC71F-5F7C-47DB-8816-754B48A6A618}.Debug|x86.Build.0 = Debug|Win32
		{CA0FC71F-5F7C-47DB-8816-754B48A6A618}.Release|Any CPU.ActiveCfg = Release|Win32
		{CA0FC71F-5F7C-47DB-8816-754B48A6A618}.Release|x64.ActiveCfg = Release|x64
		{CA0FC71F-5F7C-47DB-8816-754B48A6A618}.Release|x64.Build.0 = Release|x64
		{CA0FC71F-5F7C-47DB-8816-754B48A6A618}.Release|x86.ActiveCfg = Release|Win32
		{CA0FC71F-5F7C-47DB-8816-754B48A6A618}.Release|x86.Build.0 = Release|Win32
		{964AB20F-35F3-4858-93A1-635081D7C0BC}.Debug|Any CPU.ActiveCfg = Debug|Win32
		{964AB20F-35F3-4858-93A1-635081D7C0BC}.Debug|x64.ActiveCfg = Debug|x64
		{964AB20F-35F3-4858-93A1-635081D7C0BC}.Debug|x64.Build.0 = Debug|x64
		{964AB20F-35F3-4858-93A1-635081D7C0BC}.Debug|x86.ActiveCfg = Debug|Win32
		{964AB20F-35F3-4858-93A1-635081D7C0BC}.Debug|x86.Build.0 = Debug|Win32
		{964AB20F-35F3-4858-93A1-635081D7C0BC}.Release|Any CPU.ActiveCfg = Release|Win32
		{964AB20F-35F3-4858-93A1-635081D7C0BC}.Release|x64.ActiveCfg = Release|x64
		{964AB20F-35F3-4858-93A1-635081D7C0BC}.Release|x64.Build.0 = Release|x64
		{964AB20F-35F3-4858-93A1-635081D7C0BC}.Release|x86.ActiveCfg = Release|Win32
		{964AB20F-35F3-4858-93A1-635081D7C0BC}.Release|x86.Build.0 = Release|Win32
		{5D79072B-100E-45C7-9E34-AF413C2D5C94}.Debug|Any CPU.ActiveCfg = Debug|Win32
		{5D79072B-100E-45C7-9E34-AF413C2D5C94}.Debug|x64.ActiveCfg = Debug|x64
		{5D79072B-100E-45C7-9E34-AF413C2D5C94}.Debug|x64.Build.0 = Debug|x64
		{5D79072B-100E-45C7-9E34-AF413C2D5C94}.Debug|x86.ActiveCfg = Debug|Win32
		{5D79072B-100E-45C7-9E34-AF413C2D5C94}.Debug|x86.Build.0 = Debug|Win32
		{5D79072B-100E-45C7-9E34-AF413C2D5C94}.Release|Any CPU.ActiveCfg = Release|Win32
		{5D79072B-100E-45C7-9E34-AF413C2D5C94}.Release|x64.ActiveCfg = Release|x64
		{5D79072B-100E-45C7-9E34-AF413C2D5C94}.Release|x64.Build.0 = Release|x64
		{5D79072B-100E-45C7-9E34-AF413C2D5C94}.Release|x86.ActiveCfg = Release|Win32
		{5D79072B-100E-45C7-9E34-AF413C2D5C94}.Release|x86.Build.0 = Release|Win32
		{A9E2F444-33ED-40AA-A9CF-AE14B8A28F72}.Debug|Any CPU.ActiveCfg = Debug|Win32
		{A9E2F444-33ED-40AA-A9CF-AE14B8A28F72}.Debug|x64.ActiveCfg = Debug|x64
		{A9E2F444-33ED-40AA-A9CF-AE14B8A28F72}.Debug|x64.Build.0 = Debug|x64
		{A9E2F444-33ED-40AA-A9CF-AE14B8A28F72}.Debug|x86.ActiveCfg = Debug|Win32
		{A9E2F444-33ED-40AA-A9CF-AE14B8A28F72}.Debug|x86.Build.0 = Debug|Win32
		{A9E2F444-33ED-40AA-A9CF-AE14B8A28F72}.Release|Any CPU.ActiveCfg = Release|Win32
		{A9E2F444-33ED-40AA-A9CF-AE14B8A28F72}.Release|x64.ActiveCfg = Release|x64
		{A9E2F444-33ED-40AA-A9CF-AE14B8A28F72}.Release|x64.Build.0 = Release|x64
		{A9E2F444-33ED-40AA-A9CF-AE14B8A28F72}.Release|x86.ActiveCfg = Release|Win32
		{A9E2F444-33ED-40AA-A9CF-AE14B8A28F72}.Release|x86.Build.0 = Release|Win32
		{6D463C02-50D1-4FC0-AA30-4DEA12DEE525}.Debug|Any CPU.ActiveCfg = Debug|Win32
		{6D463C02-50D1-4FC0-AA30-4DEA12DEE525}.Debug|x64.ActiveCfg = Debug|x64
		{6D463C02-50D1-4FC0-AA30-4DEA12DEE525}.Debug|x64.Build.0 = Debug|x64
		{6D463C02-50D1-4FC0-AA30-4DEA12DEE525}.Debug|x86.ActiveCfg = Debug|Win32
		{6D463C02-50D1-4FC0-AA30-4DEA12DEE525}.Debug|x86.Build.0 = Debug|Win32
		{6D463C02-50D1-4FC0-AA30-4DEA12DEE525}.Release|Any CPU.ActiveCfg = Release|Win32
		{6D463C02-50D1-4FC0-AA30-4DEA12DEE525}.Release|x64.ActiveCfg = Release|x64
		{6D463C02-50D1-4FC0-AA30-4DEA12DEE525}.Release|x64.Build.0 = Release|x64
		{6D463C02-50D1-4FC0-AA30-4DEA12DEE525}.Release|x86.ActiveCfg = Release|Win32
		{6D463C02-50D1-4FC0-AA30-4DEA12DEE525}.Release|x86.Build.0 = Release|Win32
		{C3EB7E2D-A487-476D-B7AC-32FA48B5B3B6}.Debug|Any CPU.ActiveCfg = Debug|Win32
		{C3EB7E2D-A487-476D-B7AC-32FA48B5B3B6}.Debug|x64.ActiveCfg = Debug|x64
		{C3EB7E2D-A487-476D-B7AC-32FA48B5B3B6}.Debug|x64.Build.0 = Debug|x64
		{C3EB7E2D-A487-476D-B7AC-32FA48B5B3B6}.Debug|x86.ActiveCfg = Debug|Win32
		{C3EB7E2D-A487-476D-B7AC-32FA48B5B3B6}.Debug|x86.Build.0 = Debug|Win32
		{C3EB7E2D-A487-476D-B7AC-32FA48B5B3B6}.Release|Any CPU.ActiveCfg = Release|Win32
		{C3EB7E2D-A487-476D-B7AC-32FA48B5B3B6}.Release|x64.ActiveCfg = Release|x64
		{C3EB7E2D-A487-476D-B7AC-32FA48B5B3B6}.Release|x64.Build.0 = Release|x64
		{C3EB7E2D-A487-476D-B7AC-32FA48B5B3B6}.Release|x86.ActiveCfg = Release|Win32
		{C3EB7E2D-A487-476D-B7AC-32FA48B5B3B6}.Release|x86.Build.0 = Release|Win32
		{9C68FC4B-884F-4DFF-A284-4CB4F7378BAB}.Debug|Any CPU.ActiveCfg = Debug|Win32
		{9C68FC4B-884F-4DFF-A284-4CB4F7378BAB}.Debug|x64.ActiveCfg = Debug|x64
		{9C68FC4B-884F-4DFF-A284-4CB4F7378BAB}.Debug|x64.Build.0 = Debug|x64
		{9C68FC4B-884F-4DFF-A284-4CB4F7378BAB}.Debug|x86.ActiveCfg = Debug|Win32
		{9C68FC4B-884F-4DFF-A284-4CB4F7378BAB}.Debug|x86.Build.0 = Debug|Win32
		{9C68FC4B-884F-4DFF-A284-4CB4F7378BAB}.Release|Any CPU.ActiveCfg = Release|Win32
		{9C68FC4B-884F-4DFF-A284-4CB4F7378BAB}.Release|x64.ActiveCfg = Release|x64
		{9C68FC4B-884F-4DFF-A284-4CB4F7378BAB}.Release|x64.Build.0 = Release|x64
		{9C68FC4B-884F-4DFF-A284-4CB4F7378BAB}.Release|x86.ActiveCfg = Release|Win32
		{9C68FC4B-884F-4DFF-A284-4CB4F7378BAB}.Release|x86.Build.0 = Release|Win32
		{BCF0EABC-373E-449C-A22A-9B062C354680}.Debug|Any CPU.ActiveCfg = Debug|Win32
		{BCF0EABC-373E-449C-A22A-9B062C354680}.Debug|x64.ActiveCfg = Debug|x64
		{BCF0EABC-373E-449C-A22A-9B062C354680}.Debug|x64.Build.0 = Debug|x64
		{BCF0EABC-373E-449C-A22A-9B062C354680}.Debug|x86.ActiveCfg = Debug|Win32
		{BCF0EABC-373E-449C-A22A-9B062C354680}.Debug|x86.Build.0 = Debug|Win32
		{BCF0EABC-373E-449C-A22A-9B062C354680}.Release|Any CPU.ActiveCfg = Release|Win32
		{BCF0EABC-373E-449C-A22A-9B062C354680}.Release|x64.ActiveCfg = Release|x64
		{BCF0EABC-373E-449C-A22A-9B062C354680}.Release|x64.Build.0 = Release|x64
		{BCF0EABC-373E-449C-A22A-9B062C354680}.Release|x86.ActiveCfg = Release|Win32
		{BCF0EABC-373E-449C-A22A-9B062C354680}.Release|x86.Build.0 = Release|Win32
		{01BC1066-E662-4798-AE50-F03F8F0A2CB4}.Debug|Any CPU.ActiveCfg = Debug|Win32
		{01BC1066-E662-4798-AE50-F03F8F0A2CB4}.Debug|x64.ActiveCfg = Debug|x64
		{01BC1066-E662-4798-AE50-F03F8F0A2CB4}.Debug|x64.Build.0 = Debug|x64
		{01BC1066-E662-4798-AE50-F03F8F0A2CB4}.Debug|x86.ActiveCfg = Debug|Win32
		{01BC1066-E662-4798-AE50-F03F8F0A2CB4}.Debug|x86.Build.0 = Debug|Win32
		{01BC1066-E662-4798-AE50-F03F8F0A2CB4}.Release|Any CPU.ActiveCfg = Release|Win32
		{01BC1066-E662-4798-AE50-F03F8F0A2CB4}.Release|x64.ActiveCfg = Release|x64
		{01BC1066-E662-4798-AE50-F03F8F0A2CB4}.Release|x64.Build.0 = Release|x64
		{01BC1066-E662-4798-AE50-F03F8F0A2CB4}.Release|x86.ActiveCfg = Release|Win32
		{01BC1066-E662-4798-AE50-F03F8F0A2CB4}.Release|x86.Build.0 = Release|Win32
		{D4A9C427-CF0A-4CCC-B12A-9DD2BF2470E6}.Debug|Any CPU.ActiveCfg = Debug|Win32
		{D4A9C427-CF0A-4CCC-B12A-9DD2BF2470E6}.Debug|x64.ActiveCfg = Debug|x64
		{D4A9C427-CF0A-4CCC-B12A-9DD2BF2470E6}.Debug|x64.Build.0 = Debug|x64
		{D4A9C427-CF0A-4CCC-B12A-9DD2BF2470E6}.Debug|x86.ActiveCfg = Debug|Win32
		{D4A9C427-CF0A-4CCC-B12A-9DD2BF2470E6}.Debug|x86.Build.0 = Debug|Win32
		{D4A9C427-CF0A-4CCC-B12A-9DD2BF2470E6}.Release|Any CPU.ActiveCfg = Release|Win32
		{D4A9C427-CF0A-4CCC-B12A-9DD2BF2470E6}.Release|x64.ActiveCfg = Release|x64
		{D4A9C427-CF0A-4CCC-B12A-9DD2BF2470E6}.Release|x64.Build.0 = Release|x64
		{D4A9C427-CF0A-4CCC-B12A-9DD2BF2470E6}.Release|x86.ActiveCfg = Release|Win32
		{D4A9C427-CF0A-4CCC-B12A-9DD2BF2470E6}.Release|x86.Build.0 = Release|Win32
		{C55CF337-DF46-488E-9BD6-900B9D7CDBDF}.Debug|Any CPU.ActiveCfg = Debug|Win32
		{C55CF337-DF46-488E-9BD6-900B9D7CDBDF}.Debug|x64.ActiveCfg = Debug|x64
		{C55CF337-DF46-488E-9BD6-900B9D7CDBDF}.Debug|x64.Build.0 = Debug|x64
		{C55CF337-DF46-488E-9BD6-900B9D7CDBDF}.Debug|x86.ActiveCfg = Debug|Win32
		{C55CF337-DF46-488E-9BD6-900B9D7CDBDF}.Debug|x86.Build.0 = Debug|Win32
		{C55CF337-DF46-488E-9BD6-900B9D7CDBDF}.Release|Any CPU.ActiveCfg = Release|Win32
		{C55CF337-DF46-488E-9BD6-900B9D7CDBDF}.Release|x64.ActiveCfg = Release|x64
		{C55CF337-DF46-488E-9BD6-900B9D7CDBDF}.Release|x64.Build.0 = Release|x64
		{C55CF337-DF46-488E-9BD6-900B9D7CDBDF}.Release|x86.ActiveCfg = Release|Win32
		{C55CF337-DF46-488E-9BD6-900B9D7CDBDF}.Release|x86.Build.0 = Release|Win32
		{55713EDD-51C4-41FB-B30A-EF7D5498B0DA}.Debug|Any CPU.ActiveCfg = Debug|Win32
		{55713EDD-51C4-41FB-B30A-EF7D5498B0DA}.Debug|x64.ActiveCfg = Debug|x64
		{55713EDD-51C4-41FB-B30A-EF7D5498B0DA}.Debug|x64.Build.0 = Debug|x64
		{55713EDD-51C4-41FB-B30A-EF7D5498B0DA}.Debug|x86.ActiveCfg = Debug|Win32
		{55713EDD-51C4-41FB-B30A-EF7D5498B0DA}.Debug|x86.Build.0 = Debug|Win32
		{55713EDD-51C4-41FB-B30A-EF7D5498B0DA}.Release|Any CPU.ActiveCfg = Release|Win32
		{55713EDD-51C4-41FB-B30A-EF7D5498B0DA}.Release|x64.ActiveCfg = Release|x64
		{55713EDD-51C4-41FB-B30A-EF7D5498B0DA}.Release|x64.Build.0 = Release|x64
		{55713EDD-51C4-41FB-B30A-EF7D5498B0DA}.Release|x86.ActiveCfg = Release|Win32
		{55713EDD-51C4-41FB-B30A-EF7D5498B0DA}.Release|x86.Build.0 = Release|Win32
		{DB9876CC-B976-41E6-B0D4-90B34BB59BD3}.Debug|Any CPU.ActiveCfg = Debug|Win32
		{DB9876CC-B976-41E6-B0D4-90B34BB59BD3}.Debug|x64.ActiveCfg = Debug|x64
		{DB9876CC-B976-41E6-B0D4-90B34BB59BD3}.Debug|x64.Build.0 = Debug|x64
		{DB9876CC-B976-41E6-B0D4-90B34BB59BD3}.Debug|x86.ActiveCfg = Debug|Win32
		{DB9876CC-B976-41E6-B0D4-90B34BB59BD3}.Debug|x86.Build.0 = Debug|Win32
		{DB9876CC-B976-41E6-B0D4-90B34BB59BD3}.Release|Any CPU.ActiveCfg = Release|Win32
		{DB9876CC-B976-41E6-B0D4-90B34BB59BD3}.Release|x64.ActiveCfg = Release|x64
		{DB9876CC-B976-41E6-B0D4-90B34BB59BD3}.Release|x64.Build.0 = Release|x64
		{DB9876CC-B976-41E6-B0D4-90B34BB59BD3}.Release|x86.ActiveCfg = Release|Win32
		{DB9876CC-B976-41E6-B0D4-90B34BB59BD3}.Release|x86.Build.0 = Release|Win32
		{99284FF5-D82C-431A-B655-F77EDA27C41B}.Debug|Any CPU.ActiveCfg = Debug|Win32
		{99284FF5-D82C-431A-B655-F77EDA27C41B}.Debug|x64.ActiveCfg = Debug|x64
		{99284FF5-D82C-431A-B655-F77EDA27C41B}.Debug|x64.Build.0 = Debug|x64
		{99284FF5-D82C-431A-B655-F77EDA27C41B}.Debug|x86.ActiveCfg = Debug|Win32
		{99284FF5-D82C-431A-B655-F77EDA27C41B}.Debug|x86.Build.0 = Debug|Win32
		{99284FF5-D82C-431A-B655-F77EDA27C41B}.Release|Any CPU.ActiveCfg = Release|Win32
		{99284FF5-D82C-431A-B655-F77EDA27C41B}.Release|x64.ActiveCfg = Release|x64
		{99284FF5-D82C-431A-B655-F77EDA27C41B}.Release|x64.Build.0 = Release|x64
		{99284FF5-D82C-431A-B655-F77EDA27C41B}.Release|x86.ActiveCfg = Release|Win32
		{99284FF5-D82C-431A-B655-F77EDA27C41B}.Release|x86.Build.0 = Release|Win32
		{4E91978C-1891-486D-816D-356F26F81488}.Debug|Any CPU.ActiveCfg = Debug|Win32
		{4E91978C-1891-486D-816D-356F26F81488}.Debug|x64.ActiveCfg = Debug|x64
		{4E91978C-1891-486D-816D-356F26F81488}.Debug|x64.Build.0 = Debug|x64
		{4E91978C-1891-486D-816D-356F26F81488}.Debug|x86.ActiveCfg = Debug|Win32
		{4E91978C-1891-486D-816D-356F26F81488}.Debug|x86.Build.0 = Debug|Win32
		{4E91978C-1891-486D-816D-356F26F81488}.Release|Any CPU.ActiveCfg = Release|Win32
		{4E91978C-1891-486D-816D-356F26F81488}.Release|x64.ActiveCfg = Release|x64
		{4E91978C-1891-486D-816D-356F26F81488}.Release|x64.Build.0 = Release|x64
		{4E91978C-1891-486D-816D-356F26F81488}.Release|x86.ActiveCfg = Release|Win32
		{4E91978C-1891-486D-816D-356F26F81488}.Release|x86.Build.0 = Release|Win32
		{CFFA66A3-3C2B-4C81-9526-495E92D373DA}.Debug|Any CPU.ActiveCfg = Debug|Win32
		{CFFA66A3-3C2B-4C81-9526-495E92D373DA}.Debug|x64.ActiveCfg = Debug|x64
		{CFFA66A3-3C2B-4C81-9526-495E92D373DA}.Debug|x64.Build.0 = Debug|x64
		{CFFA66A3-3C2B-4C81-9526-495E92D373DA}.Debug|x86.ActiveCfg = Debug|Win32
		{CFFA66A3-3C2B-4C81-9526-495E92D373DA}.Debug|x86.Build.0 = Debug|Win32
		{CFFA66A3-3C2B-4C81-9526-495E92D373DA}.Release|Any CPU.ActiveCfg = Release|Win32
		{CFFA66A3-3C2B-4C81-9526-495E92D373DA}.Release|x64.ActiveCfg = Release|x64
		{CFFA66A3-3C2B-4C81-9526-495E92D373DA}.Release|x64.Build.0 = Release|x64
		{CFFA66A3-3C2B-4C81-9526-495E92D373DA}.Release|x86.ActiveCfg = Release|Win32
		{CFFA66A3-3C2B-4C81-9526-495E92D373DA}.Release|x86.Build.0 = Release|Win32
	EndGlobalSection
	GlobalSection(SolutionProperties) = preSolution
		HideSolutionNode = FALSE
	EndGlobalSection
	GlobalSection(ExtensibilityGlobals) = postSolution
		SolutionGuid = {83F2D817-2BE5-426D-BB19-FD917DA14DC2}
	EndGlobalSection
EndGlobal
